// !$*UTF8*$!
{
	archiveVersion = 1;
	classes = {
	};
	objectVersion = 56;
	objects = {

/* Begin PBXBuildFile section */
		212784E329448BCD00D3A252 /* AppDelegate.swift in Sources */ = {isa = PBXBuildFile; fileRef = 212784E229448BCD00D3A252 /* AppDelegate.swift */; };
		212784E529448BCD00D3A252 /* SceneDelegate.swift in Sources */ = {isa = PBXBuildFile; fileRef = 212784E429448BCD00D3A252 /* SceneDelegate.swift */; };
		212784E729448BCD00D3A252 /* ViewController.swift in Sources */ = {isa = PBXBuildFile; fileRef = 212784E629448BCD00D3A252 /* ViewController.swift */; };
		212784EA29448BCD00D3A252 /* Main.storyboard in Resources */ = {isa = PBXBuildFile; fileRef = 212784E829448BCD00D3A252 /* Main.storyboard */; };
		212784EC29448BCF00D3A252 /* Assets.xcassets in Resources */ = {isa = PBXBuildFile; fileRef = 212784EB29448BCF00D3A252 /* Assets.xcassets */; };
		212784EF29448BCF00D3A252 /* LaunchScreen.storyboard in Resources */ = {isa = PBXBuildFile; fileRef = 212784ED29448BCF00D3A252 /* LaunchScreen.storyboard */; };
		212784F729448D6C00D3A252 /* NotHucreTableViewCell.swift in Sources */ = {isa = PBXBuildFile; fileRef = 212784F629448D6B00D3A252 /* NotHucreTableViewCell.swift */; };
		212784F929448EA300D3A252 /* NotEkleViewController.swift in Sources */ = {isa = PBXBuildFile; fileRef = 212784F829448EA300D3A252 /* NotEkleViewController.swift */; };
		212784FB29448EB000D3A252 /* NotDetayViewController.swift in Sources */ = {isa = PBXBuildFile; fileRef = 212784FA29448EB000D3A252 /* NotDetayViewController.swift */; };
		212784FD2944916200D3A252 /* Notlar.swift in Sources */ = {isa = PBXBuildFile; fileRef = 212784FC2944916200D3A252 /* Notlar.swift */; };
		21F851E02955C4470028E031 /* GoogleService-Info.plist in Resources */ = {isa = PBXBuildFile; fileRef = 21F851DF2955C4470028E031 /* GoogleService-Info.plist */; };
		21F851E32955C5480028E031 /* FirebaseDatabase in Frameworks */ = {isa = PBXBuildFile; productRef = 21F851E22955C5480028E031 /* FirebaseDatabase */; };
/* End PBXBuildFile section */

/* Begin PBXFileReference section */
		212784DF29448BCD00D3A252 /* NotUygulamasi.app */ = {isa = PBXFileReference; explicitFileType = wrapper.application; includeInIndex = 0; path = NotUygulamasi.app; sourceTree = BUILT_PRODUCTS_DIR; };
		212784E229448BCD00D3A252 /* AppDelegate.swift */ = {isa = PBXFileReference; lastKnownFileType = sourcecode.swift; path = AppDelegate.swift; sourceTree = "<group>"; };
		212784E429448BCD00D3A252 /* SceneDelegate.swift */ = {isa = PBXFileReference; lastKnownFileType = sourcecode.swift; path = SceneDelegate.swift; sourceTree = "<group>"; };
		212784E629448BCD00D3A252 /* ViewController.swift */ = {isa = PBXFileReference; lastKnownFileType = sourcecode.swift; path = ViewController.swift; sourceTree = "<group>"; };
		212784E929448BCD00D3A252 /* Base */ = {isa = PBXFileReference; lastKnownFileType = file.storyboard; name = Base; path = Base.lproj/Main.storyboard; sourceTree = "<group>"; };
		212784EB29448BCF00D3A252 /* Assets.xcassets */ = {isa = PBXFileReference; lastKnownFileType = folder.assetcatalog; path = Assets.xcassets; sourceTree = "<group>"; };
		212784EE29448BCF00D3A252 /* Base */ = {isa = PBXFileReference; lastKnownFileType = file.storyboard; name = Base; path = Base.lproj/LaunchScreen.storyboard; sourceTree = "<group>"; };
		212784F029448BCF00D3A252 /* Info.plist */ = {isa = PBXFileReference; lastKnownFileType = text.plist.xml; path = Info.plist; sourceTree = "<group>"; };
		212784F629448D6B00D3A252 /* NotHucreTableViewCell.swift */ = {isa = PBXFileReference; lastKnownFileType = sourcecode.swift; path = NotHucreTableViewCell.swift; sourceTree = "<group>"; };
		212784F829448EA300D3A252 /* NotEkleViewController.swift */ = {isa = PBXFileReference; lastKnownFileType = sourcecode.swift; path = NotEkleViewController.swift; sourceTree = "<group>"; };
		212784FA29448EB000D3A252 /* NotDetayViewController.swift */ = {isa = PBXFileReference; lastKnownFileType = sourcecode.swift; path = NotDetayViewController.swift; sourceTree = "<group>"; };
		212784FC2944916200D3A252 /* Notlar.swift */ = {isa = PBXFileReference; lastKnownFileType = sourcecode.swift; path = Notlar.swift; sourceTree = "<group>"; };
		21F851DF2955C4470028E031 /* GoogleService-Info.plist */ = {isa = PBXFileReference; fileEncoding = 4; lastKnownFileType = text.plist.xml; path = "GoogleService-Info.plist"; sourceTree = "<group>"; };
/* End PBXFileReference section */

/* Begin PBXFrameworksBuildPhase section */
		212784DC29448BCD00D3A252 /* Frameworks */ = {
			isa = PBXFrameworksBuildPhase;
			buildActionMask = 2147483647;
			files = (
				21F851E32955C5480028E031 /* FirebaseDatabase in Frameworks */,
			);
			runOnlyForDeploymentPostprocessing = 0;
		};
/* End PBXFrameworksBuildPhase section */

/* Begin PBXGroup section */
		212784D629448BCD00D3A252 = {
			isa = PBXGroup;
			children = (
				212784E129448BCD00D3A252 /* NotUygulamasi */,
				212784E029448BCD00D3A252 /* Products */,
			);
			sourceTree = "<group>";
		};
		212784E029448BCD00D3A252 /* Products */ = {
			isa = PBXGroup;
			children = (
				212784DF29448BCD00D3A252 /* NotUygulamasi.app */,
			);
			name = Products;
			sourceTree = "<group>";
		};
		212784E129448BCD00D3A252 /* NotUygulamasi */ = {
			isa = PBXGroup;
			children = (
				212784E229448BCD00D3A252 /* AppDelegate.swift */,
				212784E429448BCD00D3A252 /* SceneDelegate.swift */,
				212784E629448BCD00D3A252 /* ViewController.swift */,
				212784E829448BCD00D3A252 /* Main.storyboard */,
				212784F629448D6B00D3A252 /* NotHucreTableViewCell.swift */,
				212784F829448EA300D3A252 /* NotEkleViewController.swift */,
				212784FA29448EB000D3A252 /* NotDetayViewController.swift */,
				212784FC2944916200D3A252 /* Notlar.swift */,
				212784EB29448BCF00D3A252 /* Assets.xcassets */,
				212784ED29448BCF00D3A252 /* LaunchScreen.storyboard */,
				212784F029448BCF00D3A252 /* Info.plist */,
				21F851DF2955C4470028E031 /* GoogleService-Info.plist */,
			);
			path = NotUygulamasi;
			sourceTree = "<group>";
		};
/* End PBXGroup section */

/* Begin PBXNativeTarget section */
		212784DE29448BCD00D3A252 /* NotUygulamasi */ = {
			isa = PBXNativeTarget;
			buildConfigurationList = 212784F329448BCF00D3A252 /* Build configuration list for PBXNativeTarget "NotUygulamasi" */;
			buildPhases = (
				212784DB29448BCD00D3A252 /* Sources */,
				212784DC29448BCD00D3A252 /* Frameworks */,
				212784DD29448BCD00D3A252 /* Resources */,
			);
			buildRules = (
			);
			dependencies = (
			);
			name = NotUygulamasi;
			packageProductDependencies = (
				21F851E22955C5480028E031 /* FirebaseDatabase */,
			);
			productName = NotUygulamasi;
			productReference = 212784DF29448BCD00D3A252 /* NotUygulamasi.app */;
			productType = "com.apple.product-type.application";
		};
/* End PBXNativeTarget section */

/* Begin PBXProject section */
		212784D729448BCD00D3A252 /* Project object */ = {
			isa = PBXProject;
			attributes = {
				BuildIndependentTargetsInParallel = 1;
				LastSwiftUpdateCheck = 1400;
				LastUpgradeCheck = 1400;
				TargetAttributes = {
					212784DE29448BCD00D3A252 = {
						CreatedOnToolsVersion = 14.0.1;
					};
				};
			};
			buildConfigurationList = 212784DA29448BCD00D3A252 /* Build configuration list for PBXProject "NotUygulamasi" */;
			compatibilityVersion = "Xcode 14.0";
			developmentRegion = en;
			hasScannedForEncodings = 0;
			knownRegions = (
				en,
				Base,
			);
			mainGroup = 212784D629448BCD00D3A252;
			packageReferences = (
				21F851E12955C5480028E031 /* XCRemoteSwiftPackageReference "firebase-ios-sdk" */,
			);
			productRefGroup = 212784E029448BCD00D3A252 /* Products */;
			projectDirPath = "";
			projectRoot = "";
			targets = (
				212784DE29448BCD00D3A252 /* NotUygulamasi */,
			);
		};
/* End PBXProject section */

/* Begin PBXResourcesBuildPhase section */
		212784DD29448BCD00D3A252 /* Resources */ = {
			isa = PBXResourcesBuildPhase;
			buildActionMask = 2147483647;
			files = (
				212784EF29448BCF00D3A252 /* LaunchScreen.storyboard in Resources */,
				21F851E02955C4470028E031 /* GoogleService-Info.plist in Resources */,
				212784EC29448BCF00D3A252 /* Assets.xcassets in Resources */,
				212784EA29448BCD00D3A252 /* Main.storyboard in Resources */,
			);
			runOnlyForDeploymentPostprocessing = 0;
		};
/* End PBXResourcesBuildPhase section */

/* Begin PBXSourcesBuildPhase section */
		212784DB29448BCD00D3A252 /* Sources */ = {
			isa = PBXSourcesBuildPhase;
			buildActionMask = 2147483647;
			files = (
				212784E729448BCD00D3A252 /* ViewController.swift in Sources */,
				212784FD2944916200D3A252 /* Notlar.swift in Sources */,
				212784FB29448EB000D3A252 /* NotDetayViewController.swift in Sources */,
				212784F929448EA300D3A252 /* NotEkleViewController.swift in Sources */,
				212784F729448D6C00D3A252 /* NotHucreTableViewCell.swift in Sources */,
				212784E329448BCD00D3A252 /* AppDelegate.swift in Sources */,
				212784E529448BCD00D3A252 /* SceneDelegate.swift in Sources */,
			);
			runOnlyForDeploymentPostprocessing = 0;
		};
/* End PBXSourcesBuildPhase section */

/* Begin PBXVariantGroup section */
		212784E829448BCD00D3A252 /* Main.storyboard */ = {
			isa = PBXVariantGroup;
			children = (
				212784E929448BCD00D3A252 /* Base */,
			);
			name = Main.storyboard;
			sourceTree = "<group>";
		};
		212784ED29448BCF00D3A252 /* LaunchScreen.storyboard */ = {
			isa = PBXVariantGroup;
			children = (
				212784EE29448BCF00D3A252 /* Base */,
			);
			name = LaunchScreen.storyboard;
			sourceTree = "<group>";
		};
/* End PBXVariantGroup section */

/* Begin XCBuildConfiguration section */
		212784F129448BCF00D3A252 /* Debug */ = {
			isa = XCBuildConfiguration;
			buildSettings = {
				ALWAYS_SEARCH_USER_PATHS = NO;
				CLANG_ANALYZER_NONNULL = YES;
				CLANG_ANALYZER_NUMBER_OBJECT_CONVERSION = YES_AGGRESSIVE;
				CLANG_CXX_LANGUAGE_STANDARD = "gnu++20";
				CLANG_ENABLE_MODULES = YES;
				CLANG_ENABLE_OBJC_ARC = YES;
				CLANG_ENABLE_OBJC_WEAK = YES;
				CLANG_WARN_BLOCK_CAPTURE_AUTORELEASING = YES;
				CLANG_WARN_BOOL_CONVERSION = YES;
				CLANG_WARN_COMMA = YES;
				CLANG_WARN_CONSTANT_CONVERSION = YES;
				CLANG_WARN_DEPRECATED_OBJC_IMPLEMENTATIONS = YES;
				CLANG_WARN_DIRECT_OBJC_ISA_USAGE = YES_ERROR;
				CLANG_WARN_DOCUMENTATION_COMMENTS = YES;
				CLANG_WARN_EMPTY_BODY = YES;
				CLANG_WARN_ENUM_CONVERSION = YES;
				CLANG_WARN_INFINITE_RECURSION = YES;
				CLANG_WARN_INT_CONVERSION = YES;
				CLANG_WARN_NON_LITERAL_NULL_CONVERSION = YES;
				CLANG_WARN_OBJC_IMPLICIT_RETAIN_SELF = YES;
				CLANG_WARN_OBJC_LITERAL_CONVERSION = YES;
				CLANG_WARN_OBJC_ROOT_CLASS = YES_ERROR;
				CLANG_WARN_QUOTED_INCLUDE_IN_FRAMEWORK_HEADER = YES;
				CLANG_WARN_RANGE_LOOP_ANALYSIS = YES;
				CLANG_WARN_STRICT_PROTOTYPES = YES;
				CLANG_WARN_SUSPICIOUS_MOVE = YES;
				CLANG_WARN_UNGUARDED_AVAILABILITY = YES_AGGRESSIVE;
				CLANG_WARN_UNREACHABLE_CODE = YES;
				CLANG_WARN__DUPLICATE_METHOD_MATCH = YES;
				COPY_PHASE_STRIP = NO;
				DEBUG_INFORMATION_FORMAT = dwarf;
				ENABLE_STRICT_OBJC_MSGSEND = YES;
				ENABLE_TESTABILITY = YES;
				GCC_C_LANGUAGE_STANDARD = gnu11;
				GCC_DYNAMIC_NO_PIC = NO;
				GCC_NO_COMMON_BLOCKS = YES;
				GCC_OPTIMIZATION_LEVEL = 0;
				GCC_PREPROCESSOR_DEFINITIONS = (
					"DEBUG=1",
					"$(inherited)",
				);
				GCC_WARN_64_TO_32_BIT_CONVERSION = YES;
				GCC_WARN_ABOUT_RETURN_TYPE = YES_ERROR;
				GCC_WARN_UNDECLARED_SELECTOR = YES;
				GCC_WARN_UNINITIALIZED_AUTOS = YES_AGGRESSIVE;
				GCC_WARN_UNUSED_FUNCTION = YES;
				GCC_WARN_UNUSED_VARIABLE = YES;
				IPHONEOS_DEPLOYMENT_TARGET = 16.0;
				MTL_ENABLE_DEBUG_INFO = INCLUDE_SOURCE;
				MTL_FAST_MATH = YES;
				ONLY_ACTIVE_ARCH = YES;
				SDKROOT = iphoneos;
				SWIFT_ACTIVE_COMPILATION_CONDITIONS = DEBUG;
				SWIFT_OPTIMIZATION_LEVEL = "-Onone";
			};
			name = Debug;
		};
		212784F229448BCF00D3A252 /* Release */ = {
			isa = XCBuildConfiguration;
			buildSettings = {
				ALWAYS_SEARCH_USER_PATHS = NO;
				CLANG_ANALYZER_NONNULL = YES;
				CLANG_ANALYZER_NUMBER_OBJECT_CONVERSION = YES_AGGRESSIVE;
				CLANG_CXX_LANGUAGE_STANDARD = "gnu++20";
				CLANG_ENABLE_MODULES = YES;
				CLANG_ENABLE_OBJC_ARC = YES;
				CLANG_ENABLE_OBJC_WEAK = YES;
				CLANG_WARN_BLOCK_CAPTURE_AUTORELEASING = YES;
				CLANG_WARN_BOOL_CONVERSION = YES;
				CLANG_WARN_COMMA = YES;
				CLANG_WARN_CONSTANT_CONVERSION = YES;
				CLANG_WARN_DEPRECATED_OBJC_IMPLEMENTATIONS = YES;
				CLANG_WARN_DIRECT_OBJC_ISA_USAGE = YES_ERROR;
				CLANG_WARN_DOCUMENTATION_COMMENTS = YES;
				CLANG_WARN_EMPTY_BODY = YES;
				CLANG_WARN_ENUM_CONVERSION = YES;
				CLANG_WARN_INFINITE_RECURSION = YES;
				CLANG_WARN_INT_CONVERSION = YES;
				CLANG_WARN_NON_LITERAL_NULL_CONVERSION = YES;
				CLANG_WARN_OBJC_IMPLICIT_RETAIN_SELF = YES;
				CLANG_WARN_OBJC_LITERAL_CONVERSION = YES;
				CLANG_WARN_OBJC_ROOT_CLASS = YES_ERROR;
				CLANG_WARN_QUOTED_INCLUDE_IN_FRAMEWORK_HEADER = YES;
				CLANG_WARN_RANGE_LOOP_ANALYSIS = YES;
				CLANG_WARN_STRICT_PROTOTYPES = YES;
				CLANG_WARN_SUSPICIOUS_MOVE = YES;
				CLANG_WARN_UNGUARDED_AVAILABILITY = YES_AGGRESSIVE;
				CLANG_WARN_UNREACHABLE_CODE = YES;
				CLANG_WARN__DUPLICATE_METHOD_MATCH = YES;
				COPY_PHASE_STRIP = NO;
				DEBUG_INFORMATION_FORMAT = "dwarf-with-dsym";
				ENABLE_NS_ASSERTIONS = NO;
				ENABLE_STRICT_OBJC_MSGSEND = YES;
				GCC_C_LANGUAGE_STANDARD = gnu11;
				GCC_NO_COMMON_BLOCKS = YES;
				GCC_WARN_64_TO_32_BIT_CONVERSION = YES;
				GCC_WARN_ABOUT_RETURN_TYPE = YES_ERROR;
				GCC_WARN_UNDECLARED_SELECTOR = YES;
				GCC_WARN_UNINITIALIZED_AUTOS = YES_AGGRESSIVE;
				GCC_WARN_UNUSED_FUNCTION = YES;
				GCC_WARN_UNUSED_VARIABLE = YES;
				IPHONEOS_DEPLOYMENT_TARGET = 16.0;
				MTL_ENABLE_DEBUG_INFO = NO;
				MTL_FAST_MATH = YES;
				SDKROOT = iphoneos;
				SWIFT_COMPILATION_MODE = wholemodule;
				SWIFT_OPTIMIZATION_LEVEL = "-O";
				VALIDATE_PRODUCT = YES;
			};
			name = Release;
		};
		212784F429448BCF00D3A252 /* Debug */ = {
			isa = XCBuildConfiguration;
			buildSettings = {
				ASSETCATALOG_COMPILER_APPICON_NAME = AppIcon;
				ASSETCATALOG_COMPILER_GLOBAL_ACCENT_COLOR_NAME = AccentColor;
				CODE_SIGN_STYLE = Automatic;
				CURRENT_PROJECT_VERSION = 1;
				GENERATE_INFOPLIST_FILE = YES;
				INFOPLIST_FILE = NotUygulamasi/Info.plist;
				INFOPLIST_KEY_UIApplicationSupportsIndirectInputEvents = YES;
				INFOPLIST_KEY_UILaunchStoryboardName = LaunchScreen;
				INFOPLIST_KEY_UIMainStoryboardFile = Main;
				INFOPLIST_KEY_UISupportedInterfaceOrientations_iPad = "UIInterfaceOrientationPortrait UIInterfaceOrientationPortraitUpsideDown UIInterfaceOrientationLandscapeLeft UIInterfaceOrientationLandscapeRight";
				INFOPLIST_KEY_UISupportedInterfaceOrientations_iPhone = "UIInterfaceOrientationPortrait UIInterfaceOrientationLandscapeLeft UIInterfaceOrientationLandscapeRight";
				LD_RUNPATH_SEARCH_PATHS = (
					"$(inherited)",
					"@executable_path/Frameworks",
				);
				MARKETING_VERSION = 1.0;
				PRODUCT_BUNDLE_IDENTIFIER = com.oguz.NotUygulamasi;
				PRODUCT_NAME = "$(TARGET_NAME)";
				SWIFT_EMIT_LOC_STRINGS = YES;
				SWIFT_VERSION = 5.0;
				TARGETED_DEVICE_FAMILY = "1,2";
			};
			name = Debug;
		};
		212784F529448BCF00D3A252 /* Release */ = {
			isa = XCBuildConfiguration;
			buildSettings = {
				ASSETCATALOG_COMPILER_APPICON_NAME = AppIcon;
				ASSETCATALOG_COMPILER_GLOBAL_ACCENT_COLOR_NAME = AccentColor;
				CODE_SIGN_STYLE = Automatic;
				CURRENT_PROJECT_VERSION = 1;
				GENERATE_INFOPLIST_FILE = YES;
				INFOPLIST_FILE = NotUygulamasi/Info.plist;
				INFOPLIST_KEY_UIApplicationSupportsIndirectInputEvents = YES;
				INFOPLIST_KEY_UILaunchStoryboardName = LaunchScreen;
				INFOPLIST_KEY_UIMainStoryboardFile = Main;
				INFOPLIST_KEY_UISupportedInterfaceOrientations_iPad = "UIInterfaceOrientationPortrait UIInterfaceOrientationPortraitUpsideDown UIInterfaceOrientationLandscapeLeft UIInterfaceOrientationLandscapeRight";
				INFOPLIST_KEY_UISupportedInterfaceOrientations_iPhone = "UIInterfaceOrientationPortrait UIInterfaceOrientationLandscapeLeft UIInterfaceOrientationLandscapeRight";
				LD_RUNPATH_SEARCH_PATHS = (
					"$(inherited)",
					"@executable_path/Frameworks",
				);
				MARKETING_VERSION = 1.0;
				PRODUCT_BUNDLE_IDENTIFIER = com.oguz.NotUygulamasi;
				PRODUCT_NAME = "$(TARGET_NAME)";
				SWIFT_EMIT_LOC_STRINGS = YES;
				SWIFT_VERSION = 5.0;
				TARGETED_DEVICE_FAMILY = "1,2";
			};
			name = Release;
		};
/* End XCBuildConfiguration section */

/* Begin XCConfigurationList section */
		212784DA29448BCD00D3A252 /* Build configuration list for PBXProject "NotUygulamasi" */ = {
			isa = XCConfigurationList;
			buildConfigurations = (
				212784F129448BCF00D3A252 /* Debug */,
				212784F229448BCF00D3A252 /* Release */,
			);
			defaultConfigurationIsVisible = 0;
			defaultConfigurationName = Release;
		};
		212784F329448BCF00D3A252 /* Build configuration list for PBXNativeTarget "NotUygulamasi" */ = {
			isa = XCConfigurationList;
			buildConfigurations = (
				212784F429448BCF00D3A252 /* Debug */,
				212784F529448BCF00D3A252 /* Release */,
			);
			defaultConfigurationIsVisible = 0;
			defaultConfigurationName = Release;
		};
/* End XCConfigurationList section */

/* Begin XCRemoteSwiftPackageReference section */
		21F851E12955C5480028E031 /* XCRemoteSwiftPackageReference "firebase-ios-sdk" */ = {
			isa = XCRemoteSwiftPackageReference;
			repositoryURL = "https://github.com/firebase/firebase-ios-sdk";
			requirement = {
				kind = upToNextMajorVersion;
				minimumVersion = 7.0.0;
			};
		};
/* End XCRemoteSwiftPackageReference section */

/* Begin XCSwiftPackageProductDependency section */
		21F851E22955C5480028E031 /* FirebaseDatabase */ = {
			isa = XCSwiftPackageProductDependency;
			package = 21F851E12955C5480028E031 /* XCRemoteSwiftPackageReference "firebase-ios-sdk" */;
			productName = FirebaseDatabase;
		};
/* End XCSwiftPackageProductDependency section */
	};
	rootObject = 212784D729448BCD00D3A252 /* Project object */;
}
