// !$*UTF8*$!
{
	archiveVersion = 1;
	classes = {
	};
	objectVersion = 56;
	objects = {

/* Begin PBXBuildFile section */
		211DE3BB290586A300F73FD3 /* AppDelegate.swift in Sources */ = {isa = PBXBuildFile; fileRef = 211DE3BA290586A300F73FD3 /* AppDelegate.swift */; };
		211DE3BD290586A300F73FD3 /* SceneDelegate.swift in Sources */ = {isa = PBXBuildFile; fileRef = 211DE3BC290586A300F73FD3 /* SceneDelegate.swift */; };
		211DE3BF290586A300F73FD3 /* ViewController.swift in Sources */ = {isa = PBXBuildFile; fileRef = 211DE3BE290586A300F73FD3 /* ViewController.swift */; };
		211DE3C2290586A300F73FD3 /* Main.storyboard in Resources */ = {isa = PBXBuildFile; fileRef = 211DE3C0290586A300F73FD3 /* Main.storyboard */; };
		211DE3C4290586A700F73FD3 /* Assets.xcassets in Resources */ = {isa = PBXBuildFile; fileRef = 211DE3C3290586A700F73FD3 /* Assets.xcassets */; };
		211DE3C7290586A700F73FD3 /* LaunchScreen.storyboard in Resources */ = {isa = PBXBuildFile; fileRef = 211DE3C5290586A700F73FD3 /* LaunchScreen.storyboard */; };
		211DE3D2290586A800F73FD3 /* DataTransferExampleTests.swift in Sources */ = {isa = PBXBuildFile; fileRef = 211DE3D1290586A800F73FD3 /* DataTransferExampleTests.swift */; };
		211DE3DC290586A800F73FD3 /* DataTransferExampleUITests.swift in Sources */ = {isa = PBXBuildFile; fileRef = 211DE3DB290586A800F73FD3 /* DataTransferExampleUITests.swift */; };
		211DE3DE290586A800F73FD3 /* DataTransferExampleUITestsLaunchTests.swift in Sources */ = {isa = PBXBuildFile; fileRef = 211DE3DD290586A800F73FD3 /* DataTransferExampleUITestsLaunchTests.swift */; };
		211DE3EB2905871800F73FD3 /* ViewControllerB.swift in Sources */ = {isa = PBXBuildFile; fileRef = 211DE3EA2905871800F73FD3 /* ViewControllerB.swift */; };
		211DE3ED29058B7600F73FD3 /* Kisiler.swift in Sources */ = {isa = PBXBuildFile; fileRef = 211DE3EC29058B7600F73FD3 /* Kisiler.swift */; };
/* End PBXBuildFile section */

/* Begin PBXContainerItemProxy section */
		211DE3CE290586A800F73FD3 /* PBXContainerItemProxy */ = {
			isa = PBXContainerItemProxy;
			containerPortal = 211DE3AF290586A300F73FD3 /* Project object */;
			proxyType = 1;
			remoteGlobalIDString = 211DE3B6290586A300F73FD3;
			remoteInfo = DataTransferExample;
		};
		211DE3D8290586A800F73FD3 /* PBXContainerItemProxy */ = {
			isa = PBXContainerItemProxy;
			containerPortal = 211DE3AF290586A300F73FD3 /* Project object */;
			proxyType = 1;
			remoteGlobalIDString = 211DE3B6290586A300F73FD3;
			remoteInfo = DataTransferExample;
		};
/* End PBXContainerItemProxy section */

/* Begin PBXFileReference section */
		211DE3B7290586A300F73FD3 /* DataTransferExample.app */ = {isa = PBXFileReference; explicitFileType = wrapper.application; includeInIndex = 0; path = DataTransferExample.app; sourceTree = BUILT_PRODUCTS_DIR; };
		211DE3BA290586A300F73FD3 /* AppDelegate.swift */ = {isa = PBXFileReference; lastKnownFileType = sourcecode.swift; path = AppDelegate.swift; sourceTree = "<group>"; };
		211DE3BC290586A300F73FD3 /* SceneDelegate.swift */ = {isa = PBXFileReference; lastKnownFileType = sourcecode.swift; path = SceneDelegate.swift; sourceTree = "<group>"; };
		211DE3BE290586A300F73FD3 /* ViewController.swift */ = {isa = PBXFileReference; lastKnownFileType = sourcecode.swift; path = ViewController.swift; sourceTree = "<group>"; };
		211DE3C1290586A300F73FD3 /* Base */ = {isa = PBXFileReference; lastKnownFileType = file.storyboard; name = Base; path = Base.lproj/Main.storyboard; sourceTree = "<group>"; };
		211DE3C3290586A700F73FD3 /* Assets.xcassets */ = {isa = PBXFileReference; lastKnownFileType = folder.assetcatalog; path = Assets.xcassets; sourceTree = "<group>"; };
		211DE3C6290586A700F73FD3 /* Base */ = {isa = PBXFileReference; lastKnownFileType = file.storyboard; name = Base; path = Base.lproj/LaunchScreen.storyboard; sourceTree = "<group>"; };
		211DE3C8290586A700F73FD3 /* Info.plist */ = {isa = PBXFileReference; lastKnownFileType = text.plist.xml; path = Info.plist; sourceTree = "<group>"; };
		211DE3CD290586A800F73FD3 /* DataTransferExampleTests.xctest */ = {isa = PBXFileReference; explicitFileType = wrapper.cfbundle; includeInIndex = 0; path = DataTransferExampleTests.xctest; sourceTree = BUILT_PRODUCTS_DIR; };
		211DE3D1290586A800F73FD3 /* DataTransferExampleTests.swift */ = {isa = PBXFileReference; lastKnownFileType = sourcecode.swift; path = DataTransferExampleTests.swift; sourceTree = "<group>"; };
		211DE3D7290586A800F73FD3 /* DataTransferExampleUITests.xctest */ = {isa = PBXFileReference; explicitFileType = wrapper.cfbundle; includeInIndex = 0; path = DataTransferExampleUITests.xctest; sourceTree = BUILT_PRODUCTS_DIR; };
		211DE3DB290586A800F73FD3 /* DataTransferExampleUITests.swift */ = {isa = PBXFileReference; lastKnownFileType = sourcecode.swift; path = DataTransferExampleUITests.swift; sourceTree = "<group>"; };
		211DE3DD290586A800F73FD3 /* DataTransferExampleUITestsLaunchTests.swift */ = {isa = PBXFileReference; lastKnownFileType = sourcecode.swift; path = DataTransferExampleUITestsLaunchTests.swift; sourceTree = "<group>"; };
		211DE3EA2905871800F73FD3 /* ViewControllerB.swift */ = {isa = PBXFileReference; lastKnownFileType = sourcecode.swift; path = ViewControllerB.swift; sourceTree = "<group>"; };
		211DE3EC29058B7600F73FD3 /* Kisiler.swift */ = {isa = PBXFileReference; lastKnownFileType = sourcecode.swift; path = Kisiler.swift; sourceTree = "<group>"; };
/* End PBXFileReference section */

/* Begin PBXFrameworksBuildPhase section */
		211DE3B4290586A300F73FD3 /* Frameworks */ = {
			isa = PBXFrameworksBuildPhase;
			buildActionMask = 2147483647;
			files = (
			);
			runOnlyForDeploymentPostprocessing = 0;
		};
		211DE3CA290586A800F73FD3 /* Frameworks */ = {
			isa = PBXFrameworksBuildPhase;
			buildActionMask = 2147483647;
			files = (
			);
			runOnlyForDeploymentPostprocessing = 0;
		};
		211DE3D4290586A800F73FD3 /* Frameworks */ = {
			isa = PBXFrameworksBuildPhase;
			buildActionMask = 2147483647;
			files = (
			);
			runOnlyForDeploymentPostprocessing = 0;
		};
/* End PBXFrameworksBuildPhase section */

/* Begin PBXGroup section */
		211DE3AE290586A300F73FD3 = {
			isa = PBXGroup;
			children = (
				211DE3B9290586A300F73FD3 /* DataTransferExample */,
				211DE3D0290586A800F73FD3 /* DataTransferExampleTests */,
				211DE3DA290586A800F73FD3 /* DataTransferExampleUITests */,
				211DE3B8290586A300F73FD3 /* Products */,
			);
			sourceTree = "<group>";
		};
		211DE3B8290586A300F73FD3 /* Products */ = {
			isa = PBXGroup;
			children = (
				211DE3B7290586A300F73FD3 /* DataTransferExample.app */,
				211DE3CD290586A800F73FD3 /* DataTransferExampleTests.xctest */,
				211DE3D7290586A800F73FD3 /* DataTransferExampleUITests.xctest */,
			);
			name = Products;
			sourceTree = "<group>";
		};
		211DE3B9290586A300F73FD3 /* DataTransferExample */ = {
			isa = PBXGroup;
			children = (
				211DE3BA290586A300F73FD3 /* AppDelegate.swift */,
				211DE3BC290586A300F73FD3 /* SceneDelegate.swift */,
				211DE3BE290586A300F73FD3 /* ViewController.swift */,
				211DE3EA2905871800F73FD3 /* ViewControllerB.swift */,
				211DE3C0290586A300F73FD3 /* Main.storyboard */,
				211DE3C3290586A700F73FD3 /* Assets.xcassets */,
				211DE3C5290586A700F73FD3 /* LaunchScreen.storyboard */,
				211DE3C8290586A700F73FD3 /* Info.plist */,
				211DE3EC29058B7600F73FD3 /* Kisiler.swift */,
			);
			path = DataTransferExample;
			sourceTree = "<group>";
		};
		211DE3D0290586A800F73FD3 /* DataTransferExampleTests */ = {
			isa = PBXGroup;
			children = (
				211DE3D1290586A800F73FD3 /* DataTransferExampleTests.swift */,
			);
			path = DataTransferExampleTests;
			sourceTree = "<group>";
		};
		211DE3DA290586A800F73FD3 /* DataTransferExampleUITests */ = {
			isa = PBXGroup;
			children = (
				211DE3DB290586A800F73FD3 /* DataTransferExampleUITests.swift */,
				211DE3DD290586A800F73FD3 /* DataTransferExampleUITestsLaunchTests.swift */,
			);
			path = DataTransferExampleUITests;
			sourceTree = "<group>";
		};
/* End PBXGroup section */

/* Begin PBXNativeTarget section */
		211DE3B6290586A300F73FD3 /* DataTransferExample */ = {
			isa = PBXNativeTarget;
			buildConfigurationList = 211DE3E1290586A800F73FD3 /* Build configuration list for PBXNativeTarget "DataTransferExample" */;
			buildPhases = (
				211DE3B3290586A300F73FD3 /* Sources */,
				211DE3B4290586A300F73FD3 /* Frameworks */,
				211DE3B5290586A300F73FD3 /* Resources */,
			);
			buildRules = (
			);
			dependencies = (
			);
			name = DataTransferExample;
			productName = DataTransferExample;
			productReference = 211DE3B7290586A300F73FD3 /* DataTransferExample.app */;
			productType = "com.apple.product-type.application";
		};
		211DE3CC290586A800F73FD3 /* DataTransferExampleTests */ = {
			isa = PBXNativeTarget;
			buildConfigurationList = 211DE3E4290586A800F73FD3 /* Build configuration list for PBXNativeTarget "DataTransferExampleTests" */;
			buildPhases = (
				211DE3C9290586A800F73FD3 /* Sources */,
				211DE3CA290586A800F73FD3 /* Frameworks */,
				211DE3CB290586A800F73FD3 /* Resources */,
			);
			buildRules = (
			);
			dependencies = (
				211DE3CF290586A800F73FD3 /* PBXTargetDependency */,
			);
			name = DataTransferExampleTests;
			productName = DataTransferExampleTests;
			productReference = 211DE3CD290586A800F73FD3 /* DataTransferExampleTests.xctest */;
			productType = "com.apple.product-type.bundle.unit-test";
		};
		211DE3D6290586A800F73FD3 /* DataTransferExampleUITests */ = {
			isa = PBXNativeTarget;
			buildConfigurationList = 211DE3E7290586A800F73FD3 /* Build configuration list for PBXNativeTarget "DataTransferExampleUITests" */;
			buildPhases = (
				211DE3D3290586A800F73FD3 /* Sources */,
				211DE3D4290586A800F73FD3 /* Frameworks */,
				211DE3D5290586A800F73FD3 /* Resources */,
			);
			buildRules = (
			);
			dependencies = (
				211DE3D9290586A800F73FD3 /* PBXTargetDependency */,
			);
			name = DataTransferExampleUITests;
			productName = DataTransferExampleUITests;
			productReference = 211DE3D7290586A800F73FD3 /* DataTransferExampleUITests.xctest */;
			productType = "com.apple.product-type.bundle.ui-testing";
		};
/* End PBXNativeTarget section */

/* Begin PBXProject section */
		211DE3AF290586A300F73FD3 /* Project object */ = {
			isa = PBXProject;
			attributes = {
				BuildIndependentTargetsInParallel = 1;
				LastSwiftUpdateCheck = 1400;
				LastUpgradeCheck = 1400;
				TargetAttributes = {
					211DE3B6290586A300F73FD3 = {
						CreatedOnToolsVersion = 14.0.1;
					};
					211DE3CC290586A800F73FD3 = {
						CreatedOnToolsVersion = 14.0.1;
						TestTargetID = 211DE3B6290586A300F73FD3;
					};
					211DE3D6290586A800F73FD3 = {
						CreatedOnToolsVersion = 14.0.1;
						TestTargetID = 211DE3B6290586A300F73FD3;
					};
				};
			};
			buildConfigurationList = 211DE3B2290586A300F73FD3 /* Build configuration list for PBXProject "DataTransferExample" */;
			compatibilityVersion = "Xcode 14.0";
			developmentRegion = en;
			hasScannedForEncodings = 0;
			knownRegions = (
				en,
				Base,
			);
			mainGroup = 211DE3AE290586A300F73FD3;
			productRefGroup = 211DE3B8290586A300F73FD3 /* Products */;
			projectDirPath = "";
			projectRoot = "";
			targets = (
				211DE3B6290586A300F73FD3 /* DataTransferExample */,
				211DE3CC290586A800F73FD3 /* DataTransferExampleTests */,
				211DE3D6290586A800F73FD3 /* DataTransferExampleUITests */,
			);
		};
/* End PBXProject section */

/* Begin PBXResourcesBuildPhase section */
		211DE3B5290586A300F73FD3 /* Resources */ = {
			isa = PBXResourcesBuildPhase;
			buildActionMask = 2147483647;
			files = (
				211DE3C7290586A700F73FD3 /* LaunchScreen.storyboard in Resources */,
				211DE3C4290586A700F73FD3 /* Assets.xcassets in Resources */,
				211DE3C2290586A300F73FD3 /* Main.storyboard in Resources */,
			);
			runOnlyForDeploymentPostprocessing = 0;
		};
		211DE3CB290586A800F73FD3 /* Resources */ = {
			isa = PBXResourcesBuildPhase;
			buildActionMask = 2147483647;
			files = (
			);
			runOnlyForDeploymentPostprocessing = 0;
		};
		211DE3D5290586A800F73FD3 /* Resources */ = {
			isa = PBXResourcesBuildPhase;
			buildActionMask = 2147483647;
			files = (
			);
			runOnlyForDeploymentPostprocessing = 0;
		};
/* End PBXResourcesBuildPhase section */

/* Begin PBXSourcesBuildPhase section */
		211DE3B3290586A300F73FD3 /* Sources */ = {
			isa = PBXSourcesBuildPhase;
			buildActionMask = 2147483647;
			files = (
				211DE3BF290586A300F73FD3 /* ViewController.swift in Sources */,
				211DE3EB2905871800F73FD3 /* ViewControllerB.swift in Sources */,
				211DE3BB290586A300F73FD3 /* AppDelegate.swift in Sources */,
				211DE3BD290586A300F73FD3 /* SceneDelegate.swift in Sources */,
				211DE3ED29058B7600F73FD3 /* Kisiler.swift in Sources */,
			);
			runOnlyForDeploymentPostprocessing = 0;
		};
		211DE3C9290586A800F73FD3 /* Sources */ = {
			isa = PBXSourcesBuildPhase;
			buildActionMask = 2147483647;
			files = (
				211DE3D2290586A800F73FD3 /* DataTransferExampleTests.swift in Sources */,
			);
			runOnlyForDeploymentPostprocessing = 0;
		};
		211DE3D3290586A800F73FD3 /* Sources */ = {
			isa = PBXSourcesBuildPhase;
			buildActionMask = 2147483647;
			files = (
				211DE3DE290586A800F73FD3 /* DataTransferExampleUITestsLaunchTests.swift in Sources */,
				211DE3DC290586A800F73FD3 /* DataTransferExampleUITests.swift in Sources */,
			);
			runOnlyForDeploymentPostprocessing = 0;
		};
/* End PBXSourcesBuildPhase section */

/* Begin PBXTargetDependency section */
		211DE3CF290586A800F73FD3 /* PBXTargetDependency */ = {
			isa = PBXTargetDependency;
			target = 211DE3B6290586A300F73FD3 /* DataTransferExample */;
			targetProxy = 211DE3CE290586A800F73FD3 /* PBXContainerItemProxy */;
		};
		211DE3D9290586A800F73FD3 /* PBXTargetDependency */ = {
			isa = PBXTargetDependency;
			target = 211DE3B6290586A300F73FD3 /* DataTransferExample */;
			targetProxy = 211DE3D8290586A800F73FD3 /* PBXContainerItemProxy */;
		};
/* End PBXTargetDependency section */

/* Begin PBXVariantGroup section */
		211DE3C0290586A300F73FD3 /* Main.storyboard */ = {
			isa = PBXVariantGroup;
			children = (
				211DE3C1290586A300F73FD3 /* Base */,
			);
			name = Main.storyboard;
			sourceTree = "<group>";
		};
		211DE3C5290586A700F73FD3 /* LaunchScreen.storyboard */ = {
			isa = PBXVariantGroup;
			children = (
				211DE3C6290586A700F73FD3 /* Base */,
			);
			name = LaunchScreen.storyboard;
			sourceTree = "<group>";
		};
/* End PBXVariantGroup section */

/* Begin XCBuildConfiguration section */
		211DE3DF290586A800F73FD3 /* Debug */ = {
			isa = XCBuildConfiguration;
			buildSettings = {
				ALWAYS_SEARCH_USER_PATHS = NO;
				CLANG_ANALYZER_NONNULL = YES;
				CLANG_ANALYZER_NUMBER_OBJECT_CONVERSION = YES_AGGRESSIVE;
				CLANG_CXX_LANGUAGE_STANDARD = "gnu++20";
				CLANG_ENABLE_MODULES = YES;
				CLANG_ENABLE_OBJC_ARC = YES;
				CLANG_ENABLE_OBJC_WEAK = YES;
				CLANG_WARN_BLOCK_CAPTURE_AUTORELEASING = YES;
				CLANG_WARN_BOOL_CONVERSION = YES;
				CLANG_WARN_COMMA = YES;
				CLANG_WARN_CONSTANT_CONVERSION = YES;
				CLANG_WARN_DEPRECATED_OBJC_IMPLEMENTATIONS = YES;
				CLANG_WARN_DIRECT_OBJC_ISA_USAGE = YES_ERROR;
				CLANG_WARN_DOCUMENTATION_COMMENTS = YES;
				CLANG_WARN_EMPTY_BODY = YES;
				CLANG_WARN_ENUM_CONVERSION = YES;
				CLANG_WARN_INFINITE_RECURSION = YES;
				CLANG_WARN_INT_CONVERSION = YES;
				CLANG_WARN_NON_LITERAL_NULL_CONVERSION = YES;
				CLANG_WARN_OBJC_IMPLICIT_RETAIN_SELF = YES;
				CLANG_WARN_OBJC_LITERAL_CONVERSION = YES;
				CLANG_WARN_OBJC_ROOT_CLASS = YES_ERROR;
				CLANG_WARN_QUOTED_INCLUDE_IN_FRAMEWORK_HEADER = YES;
				CLANG_WARN_RANGE_LOOP_ANALYSIS = YES;
				CLANG_WARN_STRICT_PROTOTYPES = YES;
				CLANG_WARN_SUSPICIOUS_MOVE = YES;
				CLANG_WARN_UNGUARDED_AVAILABILITY = YES_AGGRESSIVE;
				CLANG_WARN_UNREACHABLE_CODE = YES;
				CLANG_WARN__DUPLICATE_METHOD_MATCH = YES;
				COPY_PHASE_STRIP = NO;
				DEBUG_INFORMATION_FORMAT = dwarf;
				ENABLE_STRICT_OBJC_MSGSEND = YES;
				ENABLE_TESTABILITY = YES;
				GCC_C_LANGUAGE_STANDARD = gnu11;
				GCC_DYNAMIC_NO_PIC = NO;
				GCC_NO_COMMON_BLOCKS = YES;
				GCC_OPTIMIZATION_LEVEL = 0;
				GCC_PREPROCESSOR_DEFINITIONS = (
					"DEBUG=1",
					"$(inherited)",
				);
				GCC_WARN_64_TO_32_BIT_CONVERSION = YES;
				GCC_WARN_ABOUT_RETURN_TYPE = YES_ERROR;
				GCC_WARN_UNDECLARED_SELECTOR = YES;
				GCC_WARN_UNINITIALIZED_AUTOS = YES_AGGRESSIVE;
				GCC_WARN_UNUSED_FUNCTION = YES;
				GCC_WARN_UNUSED_VARIABLE = YES;
				IPHONEOS_DEPLOYMENT_TARGET = 16.0;
				MTL_ENABLE_DEBUG_INFO = INCLUDE_SOURCE;
				MTL_FAST_MATH = YES;
				ONLY_ACTIVE_ARCH = YES;
				SDKROOT = iphoneos;
				SWIFT_ACTIVE_COMPILATION_CONDITIONS = DEBUG;
				SWIFT_OPTIMIZATION_LEVEL = "-Onone";
			};
			name = Debug;
		};
		211DE3E0290586A800F73FD3 /* Release */ = {
			isa = XCBuildConfiguration;
			buildSettings = {
				ALWAYS_SEARCH_USER_PATHS = NO;
				CLANG_ANALYZER_NONNULL = YES;
				CLANG_ANALYZER_NUMBER_OBJECT_CONVERSION = YES_AGGRESSIVE;
				CLANG_CXX_LANGUAGE_STANDARD = "gnu++20";
				CLANG_ENABLE_MODULES = YES;
				CLANG_ENABLE_OBJC_ARC = YES;
				CLANG_ENABLE_OBJC_WEAK = YES;
				CLANG_WARN_BLOCK_CAPTURE_AUTORELEASING = YES;
				CLANG_WARN_BOOL_CONVERSION = YES;
				CLANG_WARN_COMMA = YES;
				CLANG_WARN_CONSTANT_CONVERSION = YES;
				CLANG_WARN_DEPRECATED_OBJC_IMPLEMENTATIONS = YES;
				CLANG_WARN_DIRECT_OBJC_ISA_USAGE = YES_ERROR;
				CLANG_WARN_DOCUMENTATION_COMMENTS = YES;
				CLANG_WARN_EMPTY_BODY = YES;
				CLANG_WARN_ENUM_CONVERSION = YES;
				CLANG_WARN_INFINITE_RECURSION = YES;
				CLANG_WARN_INT_CONVERSION = YES;
				CLANG_WARN_NON_LITERAL_NULL_CONVERSION = YES;
				CLANG_WARN_OBJC_IMPLICIT_RETAIN_SELF = YES;
				CLANG_WARN_OBJC_LITERAL_CONVERSION = YES;
				CLANG_WARN_OBJC_ROOT_CLASS = YES_ERROR;
				CLANG_WARN_QUOTED_INCLUDE_IN_FRAMEWORK_HEADER = YES;
				CLANG_WARN_RANGE_LOOP_ANALYSIS = YES;
				CLANG_WARN_STRICT_PROTOTYPES = YES;
				CLANG_WARN_SUSPICIOUS_MOVE = YES;
				CLANG_WARN_UNGUARDED_AVAILABILITY = YES_AGGRESSIVE;
				CLANG_WARN_UNREACHABLE_CODE = YES;
				CLANG_WARN__DUPLICATE_METHOD_MATCH = YES;
				COPY_PHASE_STRIP = NO;
				DEBUG_INFORMATION_FORMAT = "dwarf-with-dsym";
				ENABLE_NS_ASSERTIONS = NO;
				ENABLE_STRICT_OBJC_MSGSEND = YES;
				GCC_C_LANGUAGE_STANDARD = gnu11;
				GCC_NO_COMMON_BLOCKS = YES;
				GCC_WARN_64_TO_32_BIT_CONVERSION = YES;
				GCC_WARN_ABOUT_RETURN_TYPE = YES_ERROR;
				GCC_WARN_UNDECLARED_SELECTOR = YES;
				GCC_WARN_UNINITIALIZED_AUTOS = YES_AGGRESSIVE;
				GCC_WARN_UNUSED_FUNCTION = YES;
				GCC_WARN_UNUSED_VARIABLE = YES;
				IPHONEOS_DEPLOYMENT_TARGET = 16.0;
				MTL_ENABLE_DEBUG_INFO = NO;
				MTL_FAST_MATH = YES;
				SDKROOT = iphoneos;
				SWIFT_COMPILATION_MODE = wholemodule;
				SWIFT_OPTIMIZATION_LEVEL = "-O";
				VALIDATE_PRODUCT = YES;
			};
			name = Release;
		};
		211DE3E2290586A800F73FD3 /* Debug */ = {
			isa = XCBuildConfiguration;
			buildSettings = {
				ASSETCATALOG_COMPILER_APPICON_NAME = AppIcon;
				ASSETCATALOG_COMPILER_GLOBAL_ACCENT_COLOR_NAME = AccentColor;
				CODE_SIGN_STYLE = Automatic;
				CURRENT_PROJECT_VERSION = 1;
				GENERATE_INFOPLIST_FILE = YES;
				INFOPLIST_FILE = DataTransferExample/Info.plist;
				INFOPLIST_KEY_UIApplicationSupportsIndirectInputEvents = YES;
				INFOPLIST_KEY_UILaunchStoryboardName = LaunchScreen;
				INFOPLIST_KEY_UIMainStoryboardFile = Main;
				INFOPLIST_KEY_UISupportedInterfaceOrientations_iPad = "UIInterfaceOrientationPortrait UIInterfaceOrientationPortraitUpsideDown UIInterfaceOrientationLandscapeLeft UIInterfaceOrientationLandscapeRight";
				INFOPLIST_KEY_UISupportedInterfaceOrientations_iPhone = "UIInterfaceOrientationPortrait UIInterfaceOrientationLandscapeLeft UIInterfaceOrientationLandscapeRight";
				LD_RUNPATH_SEARCH_PATHS = (
					"$(inherited)",
					"@executable_path/Frameworks",
				);
				MARKETING_VERSION = 1.0;
				PRODUCT_BUNDLE_IDENTIFIER = com.oguz.DataTransferExample;
				PRODUCT_NAME = "$(TARGET_NAME)";
				SWIFT_EMIT_LOC_STRINGS = YES;
				SWIFT_VERSION = 5.0;
				TARGETED_DEVICE_FAMILY = "1,2";
			};
			name = Debug;
		};
		211DE3E3290586A800F73FD3 /* Release */ = {
			isa = XCBuildConfiguration;
			buildSettings = {
				ASSETCATALOG_COMPILER_APPICON_NAME = AppIcon;
				ASSETCATALOG_COMPILER_GLOBAL_ACCENT_COLOR_NAME = AccentColor;
				CODE_SIGN_STYLE = Automatic;
				CURRENT_PROJECT_VERSION = 1;
				GENERATE_INFOPLIST_FILE = YES;
				INFOPLIST_FILE = DataTransferExample/Info.plist;
				INFOPLIST_KEY_UIApplicationSupportsIndirectInputEvents = YES;
				INFOPLIST_KEY_UILaunchStoryboardName = LaunchScreen;
				INFOPLIST_KEY_UIMainStoryboardFile = Main;
				INFOPLIST_KEY_UISupportedInterfaceOrientations_iPad = "UIInterfaceOrientationPortrait UIInterfaceOrientationPortraitUpsideDown UIInterfaceOrientationLandscapeLeft UIInterfaceOrientationLandscapeRight";
				INFOPLIST_KEY_UISupportedInterfaceOrientations_iPhone = "UIInterfaceOrientationPortrait UIInterfaceOrientationLandscapeLeft UIInterfaceOrientationLandscapeRight";
				LD_RUNPATH_SEARCH_PATHS = (
					"$(inherited)",
					"@executable_path/Frameworks",
				);
				MARKETING_VERSION = 1.0;
				PRODUCT_BUNDLE_IDENTIFIER = com.oguz.DataTransferExample;
				PRODUCT_NAME = "$(TARGET_NAME)";
				SWIFT_EMIT_LOC_STRINGS = YES;
				SWIFT_VERSION = 5.0;
				TARGETED_DEVICE_FAMILY = "1,2";
			};
			name = Release;
		};
		211DE3E5290586A800F73FD3 /* Debug */ = {
			isa = XCBuildConfiguration;
			buildSettings = {
				ALWAYS_EMBED_SWIFT_STANDARD_LIBRARIES = YES;
				BUNDLE_LOADER = "$(TEST_HOST)";
				CODE_SIGN_STYLE = Automatic;
				CURRENT_PROJECT_VERSION = 1;
				GENERATE_INFOPLIST_FILE = YES;
				IPHONEOS_DEPLOYMENT_TARGET = 16.0;
				MARKETING_VERSION = 1.0;
				PRODUCT_BUNDLE_IDENTIFIER = com.oguz.DataTransferExampleTests;
				PRODUCT_NAME = "$(TARGET_NAME)";
				SWIFT_EMIT_LOC_STRINGS = NO;
				SWIFT_VERSION = 5.0;
				TARGETED_DEVICE_FAMILY = "1,2";
				TEST_HOST = "$(BUILT_PRODUCTS_DIR)/DataTransferExample.app/$(BUNDLE_EXECUTABLE_FOLDER_PATH)/DataTransferExample";
			};
			name = Debug;
		};
		211DE3E6290586A800F73FD3 /* Release */ = {
			isa = XCBuildConfiguration;
			buildSettings = {
				ALWAYS_EMBED_SWIFT_STANDARD_LIBRARIES = YES;
				BUNDLE_LOADER = "$(TEST_HOST)";
				CODE_SIGN_STYLE = Automatic;
				CURRENT_PROJECT_VERSION = 1;
				GENERATE_INFOPLIST_FILE = YES;
				IPHONEOS_DEPLOYMENT_TARGET = 16.0;
				MARKETING_VERSION = 1.0;
				PRODUCT_BUNDLE_IDENTIFIER = com.oguz.DataTransferExampleTests;
				PRODUCT_NAME = "$(TARGET_NAME)";
				SWIFT_EMIT_LOC_STRINGS = NO;
				SWIFT_VERSION = 5.0;
				TARGETED_DEVICE_FAMILY = "1,2";
				TEST_HOST = "$(BUILT_PRODUCTS_DIR)/DataTransferExample.app/$(BUNDLE_EXECUTABLE_FOLDER_PATH)/DataTransferExample";
			};
			name = Release;
		};
		211DE3E8290586A800F73FD3 /* Debug */ = {
			isa = XCBuildConfiguration;
			buildSettings = {
				ALWAYS_EMBED_SWIFT_STANDARD_LIBRARIES = YES;
				CODE_SIGN_STYLE = Automatic;
				CURRENT_PROJECT_VERSION = 1;
				GENERATE_INFOPLIST_FILE = YES;
				MARKETING_VERSION = 1.0;
				PRODUCT_BUNDLE_IDENTIFIER = com.oguz.DataTransferExampleUITests;
				PRODUCT_NAME = "$(TARGET_NAME)";
				SWIFT_EMIT_LOC_STRINGS = NO;
				SWIFT_VERSION = 5.0;
				TARGETED_DEVICE_FAMILY = "1,2";
				TEST_TARGET_NAME = DataTransferExample;
			};
			name = Debug;
		};
		211DE3E9290586A800F73FD3 /* Release */ = {
			isa = XCBuildConfiguration;
			buildSettings = {
				ALWAYS_EMBED_SWIFT_STANDARD_LIBRARIES = YES;
				CODE_SIGN_STYLE = Automatic;
				CURRENT_PROJECT_VERSION = 1;
				GENERATE_INFOPLIST_FILE = YES;
				MARKETING_VERSION = 1.0;
				PRODUCT_BUNDLE_IDENTIFIER = com.oguz.DataTransferExampleUITests;
				PRODUCT_NAME = "$(TARGET_NAME)";
				SWIFT_EMIT_LOC_STRINGS = NO;
				SWIFT_VERSION = 5.0;
				TARGETED_DEVICE_FAMILY = "1,2";
				TEST_TARGET_NAME = DataTransferExample;
			};
			name = Release;
		};
/* End XCBuildConfiguration section */

/* Begin XCConfigurationList section */
		211DE3B2290586A300F73FD3 /* Build configuration list for PBXProject "DataTransferExample" */ = {
			isa = XCConfigurationList;
			buildConfigurations = (
				211DE3DF290586A800F73FD3 /* Debug */,
				211DE3E0290586A800F73FD3 /* Release */,
			);
			defaultConfigurationIsVisible = 0;
			defaultConfigurationName = Release;
		};
		211DE3E1290586A800F73FD3 /* Build configuration list for PBXNativeTarget "DataTransferExample" */ = {
			isa = XCConfigurationList;
			buildConfigurations = (
				211DE3E2290586A800F73FD3 /* Debug */,
				211DE3E3290586A800F73FD3 /* Release */,
			);
			defaultConfigurationIsVisible = 0;
			defaultConfigurationName = Release;
		};
		211DE3E4290586A800F73FD3 /* Build configuration list for PBXNativeTarget "DataTransferExampleTests" */ = {
			isa = XCConfigurationList;
			buildConfigurations = (
				211DE3E5290586A800F73FD3 /* Debug */,
				211DE3E6290586A800F73FD3 /* Release */,
			);
			defaultConfigurationIsVisible = 0;
			defaultConfigurationName = Release;
		};
		211DE3E7290586A800F73FD3 /* Build configuration list for PBXNativeTarget "DataTransferExampleUITests" */ = {
			isa = XCConfigurationList;
			buildConfigurations = (
				211DE3E8290586A800F73FD3 /* Debug */,
				211DE3E9290586A800F73FD3 /* Release */,
			);
			defaultConfigurationIsVisible = 0;
			defaultConfigurationName = Release;
		};
/* End XCConfigurationList section */
	};
	rootObject = 211DE3AF290586A300F73FD3 /* Project object */;
}
