// !$*UTF8*$!
{
	archiveVersion = 1;
	classes = {
	};
	objectVersion = 56;
	objects = {

/* Begin PBXBuildFile section */
		21724C322948C5430065E281 /* Filmlerdao.swift in Sources */ = {isa = PBXBuildFile; fileRef = 21724C312948C5430065E281 /* Filmlerdao.swift */; };
		21724C342948C6250065E281 /* Kategorilerdao.swift in Sources */ = {isa = PBXBuildFile; fileRef = 21724C332948C6250065E281 /* Kategorilerdao.swift */; };
		21986B032948A11D00E6EE29 /* AppDelegate.swift in Sources */ = {isa = PBXBuildFile; fileRef = 21986B022948A11D00E6EE29 /* AppDelegate.swift */; };
		21986B052948A11D00E6EE29 /* SceneDelegate.swift in Sources */ = {isa = PBXBuildFile; fileRef = 21986B042948A11D00E6EE29 /* SceneDelegate.swift */; };
		21986B072948A11D00E6EE29 /* ViewController.swift in Sources */ = {isa = PBXBuildFile; fileRef = 21986B062948A11D00E6EE29 /* ViewController.swift */; };
		21986B0A2948A11D00E6EE29 /* Main.storyboard in Resources */ = {isa = PBXBuildFile; fileRef = 21986B082948A11D00E6EE29 /* Main.storyboard */; };
		21986B0C2948A11F00E6EE29 /* Assets.xcassets in Resources */ = {isa = PBXBuildFile; fileRef = 21986B0B2948A11F00E6EE29 /* Assets.xcassets */; };
		21986B0F2948A11F00E6EE29 /* LaunchScreen.storyboard in Resources */ = {isa = PBXBuildFile; fileRef = 21986B0D2948A11F00E6EE29 /* LaunchScreen.storyboard */; };
		21986B1A2948A11F00E6EE29 /* FilmlerAppTests.swift in Sources */ = {isa = PBXBuildFile; fileRef = 21986B192948A11F00E6EE29 /* FilmlerAppTests.swift */; };
		21986B242948A11F00E6EE29 /* FilmlerAppUITests.swift in Sources */ = {isa = PBXBuildFile; fileRef = 21986B232948A11F00E6EE29 /* FilmlerAppUITests.swift */; };
		21986B262948A11F00E6EE29 /* FilmlerAppUITestsLaunchTests.swift in Sources */ = {isa = PBXBuildFile; fileRef = 21986B252948A11F00E6EE29 /* FilmlerAppUITestsLaunchTests.swift */; };
		21986B352948A20600E6EE29 /* KategoriHucreTableViewCell.swift in Sources */ = {isa = PBXBuildFile; fileRef = 21986B342948A20600E6EE29 /* KategoriHucreTableViewCell.swift */; };
		21986B372948A43D00E6EE29 /* FilmHucreCollectionViewCell.swift in Sources */ = {isa = PBXBuildFile; fileRef = 21986B362948A43D00E6EE29 /* FilmHucreCollectionViewCell.swift */; };
		21986B392948A5F100E6EE29 /* FilmViewController.swift in Sources */ = {isa = PBXBuildFile; fileRef = 21986B382948A5F100E6EE29 /* FilmViewController.swift */; };
		21986B3B2948A60500E6EE29 /* FilmDetayViewController.swift in Sources */ = {isa = PBXBuildFile; fileRef = 21986B3A2948A60500E6EE29 /* FilmDetayViewController.swift */; };
		21986B3D2948A6FB00E6EE29 /* Kategoriler.swift in Sources */ = {isa = PBXBuildFile; fileRef = 21986B3C2948A6FB00E6EE29 /* Kategoriler.swift */; };
		21986B3F2948A75900E6EE29 /* Yonetmenler.swift in Sources */ = {isa = PBXBuildFile; fileRef = 21986B3E2948A75900E6EE29 /* Yonetmenler.swift */; };
		21986B412948A79000E6EE29 /* Filmler.swift in Sources */ = {isa = PBXBuildFile; fileRef = 21986B402948A79000E6EE29 /* Filmler.swift */; };
		21E4EEC82948B2A300EB2F99 /* libsqlite3.tbd in Frameworks */ = {isa = PBXBuildFile; fileRef = 21E4EEC72948B29900EB2F99 /* libsqlite3.tbd */; };
		21E4EED52948B2B300EB2F99 /* FMResultSet.m in Sources */ = {isa = PBXBuildFile; fileRef = 21E4EECA2948B2B000EB2F99 /* FMResultSet.m */; };
		21E4EED62948B2B300EB2F99 /* FMDatabaseAdditions.m in Sources */ = {isa = PBXBuildFile; fileRef = 21E4EECB2948B2B000EB2F99 /* FMDatabaseAdditions.m */; };
		21E4EED72948B2B300EB2F99 /* FMDatabase.m in Sources */ = {isa = PBXBuildFile; fileRef = 21E4EECC2948B2B000EB2F99 /* FMDatabase.m */; };
		21E4EED82948B2B300EB2F99 /* FMDatabaseQueue.m in Sources */ = {isa = PBXBuildFile; fileRef = 21E4EECD2948B2B100EB2F99 /* FMDatabaseQueue.m */; };
		21E4EED92948B2B300EB2F99 /* FMDatabasePool.m in Sources */ = {isa = PBXBuildFile; fileRef = 21E4EED12948B2B200EB2F99 /* FMDatabasePool.m */; };
		21E4EEDB2948B2E300EB2F99 /* filmler.sqlite in Resources */ = {isa = PBXBuildFile; fileRef = 21E4EEDA2948B2E300EB2F99 /* filmler.sqlite */; };
/* End PBXBuildFile section */

/* Begin PBXContainerItemProxy section */
		21986B162948A11F00E6EE29 /* PBXContainerItemProxy */ = {
			isa = PBXContainerItemProxy;
			containerPortal = 21986AF72948A11D00E6EE29 /* Project object */;
			proxyType = 1;
			remoteGlobalIDString = 21986AFE2948A11D00E6EE29;
			remoteInfo = FilmlerApp;
		};
		21986B202948A11F00E6EE29 /* PBXContainerItemProxy */ = {
			isa = PBXContainerItemProxy;
			containerPortal = 21986AF72948A11D00E6EE29 /* Project object */;
			proxyType = 1;
			remoteGlobalIDString = 21986AFE2948A11D00E6EE29;
			remoteInfo = FilmlerApp;
		};
/* End PBXContainerItemProxy section */

/* Begin PBXFileReference section */
		21724C312948C5430065E281 /* Filmlerdao.swift */ = {isa = PBXFileReference; lastKnownFileType = sourcecode.swift; path = Filmlerdao.swift; sourceTree = "<group>"; };
		21724C332948C6250065E281 /* Kategorilerdao.swift */ = {isa = PBXFileReference; lastKnownFileType = sourcecode.swift; path = Kategorilerdao.swift; sourceTree = "<group>"; };
		21986AFF2948A11D00E6EE29 /* FilmlerApp.app */ = {isa = PBXFileReference; explicitFileType = wrapper.application; includeInIndex = 0; path = FilmlerApp.app; sourceTree = BUILT_PRODUCTS_DIR; };
		21986B022948A11D00E6EE29 /* AppDelegate.swift */ = {isa = PBXFileReference; lastKnownFileType = sourcecode.swift; path = AppDelegate.swift; sourceTree = "<group>"; };
		21986B042948A11D00E6EE29 /* SceneDelegate.swift */ = {isa = PBXFileReference; lastKnownFileType = sourcecode.swift; path = SceneDelegate.swift; sourceTree = "<group>"; };
		21986B062948A11D00E6EE29 /* ViewController.swift */ = {isa = PBXFileReference; lastKnownFileType = sourcecode.swift; path = ViewController.swift; sourceTree = "<group>"; };
		21986B092948A11D00E6EE29 /* Base */ = {isa = PBXFileReference; lastKnownFileType = file.storyboard; name = Base; path = Base.lproj/Main.storyboard; sourceTree = "<group>"; };
		21986B0B2948A11F00E6EE29 /* Assets.xcassets */ = {isa = PBXFileReference; lastKnownFileType = folder.assetcatalog; path = Assets.xcassets; sourceTree = "<group>"; };
		21986B0E2948A11F00E6EE29 /* Base */ = {isa = PBXFileReference; lastKnownFileType = file.storyboard; name = Base; path = Base.lproj/LaunchScreen.storyboard; sourceTree = "<group>"; };
		21986B102948A11F00E6EE29 /* Info.plist */ = {isa = PBXFileReference; lastKnownFileType = text.plist.xml; path = Info.plist; sourceTree = "<group>"; };
		21986B152948A11F00E6EE29 /* FilmlerAppTests.xctest */ = {isa = PBXFileReference; explicitFileType = wrapper.cfbundle; includeInIndex = 0; path = FilmlerAppTests.xctest; sourceTree = BUILT_PRODUCTS_DIR; };
		21986B192948A11F00E6EE29 /* FilmlerAppTests.swift */ = {isa = PBXFileReference; lastKnownFileType = sourcecode.swift; path = FilmlerAppTests.swift; sourceTree = "<group>"; };
		21986B1F2948A11F00E6EE29 /* FilmlerAppUITests.xctest */ = {isa = PBXFileReference; explicitFileType = wrapper.cfbundle; includeInIndex = 0; path = FilmlerAppUITests.xctest; sourceTree = BUILT_PRODUCTS_DIR; };
		21986B232948A11F00E6EE29 /* FilmlerAppUITests.swift */ = {isa = PBXFileReference; lastKnownFileType = sourcecode.swift; path = FilmlerAppUITests.swift; sourceTree = "<group>"; };
		21986B252948A11F00E6EE29 /* FilmlerAppUITestsLaunchTests.swift */ = {isa = PBXFileReference; lastKnownFileType = sourcecode.swift; path = FilmlerAppUITestsLaunchTests.swift; sourceTree = "<group>"; };
		21986B342948A20600E6EE29 /* KategoriHucreTableViewCell.swift */ = {isa = PBXFileReference; lastKnownFileType = sourcecode.swift; path = KategoriHucreTableViewCell.swift; sourceTree = "<group>"; };
		21986B362948A43D00E6EE29 /* FilmHucreCollectionViewCell.swift */ = {isa = PBXFileReference; lastKnownFileType = sourcecode.swift; path = FilmHucreCollectionViewCell.swift; sourceTree = "<group>"; };
		21986B382948A5F100E6EE29 /* FilmViewController.swift */ = {isa = PBXFileReference; lastKnownFileType = sourcecode.swift; path = FilmViewController.swift; sourceTree = "<group>"; };
		21986B3A2948A60500E6EE29 /* FilmDetayViewController.swift */ = {isa = PBXFileReference; lastKnownFileType = sourcecode.swift; path = FilmDetayViewController.swift; sourceTree = "<group>"; };
		21986B3C2948A6FB00E6EE29 /* Kategoriler.swift */ = {isa = PBXFileReference; lastKnownFileType = sourcecode.swift; path = Kategoriler.swift; sourceTree = "<group>"; };
		21986B3E2948A75900E6EE29 /* Yonetmenler.swift */ = {isa = PBXFileReference; lastKnownFileType = sourcecode.swift; path = Yonetmenler.swift; sourceTree = "<group>"; };
		21986B402948A79000E6EE29 /* Filmler.swift */ = {isa = PBXFileReference; lastKnownFileType = sourcecode.swift; path = Filmler.swift; sourceTree = "<group>"; };
		21E4EEC72948B29900EB2F99 /* libsqlite3.tbd */ = {isa = PBXFileReference; lastKnownFileType = "sourcecode.text-based-dylib-definition"; name = libsqlite3.tbd; path = usr/lib/libsqlite3.tbd; sourceTree = SDKROOT; };
		21E4EEC92948B2AF00EB2F99 /* FilmlerApp-Bridging-Header.h */ = {isa = PBXFileReference; lastKnownFileType = sourcecode.c.h; path = "FilmlerApp-Bridging-Header.h"; sourceTree = "<group>"; };
		21E4EECA2948B2B000EB2F99 /* FMResultSet.m */ = {isa = PBXFileReference; fileEncoding = 4; lastKnownFileType = sourcecode.c.objc; path = FMResultSet.m; sourceTree = "<group>"; };
		21E4EECB2948B2B000EB2F99 /* FMDatabaseAdditions.m */ = {isa = PBXFileReference; fileEncoding = 4; lastKnownFileType = sourcecode.c.objc; path = FMDatabaseAdditions.m; sourceTree = "<group>"; };
		21E4EECC2948B2B000EB2F99 /* FMDatabase.m */ = {isa = PBXFileReference; fileEncoding = 4; lastKnownFileType = sourcecode.c.objc; path = FMDatabase.m; sourceTree = "<group>"; };
		21E4EECD2948B2B100EB2F99 /* FMDatabaseQueue.m */ = {isa = PBXFileReference; fileEncoding = 4; lastKnownFileType = sourcecode.c.objc; path = FMDatabaseQueue.m; sourceTree = "<group>"; };
		21E4EECE2948B2B100EB2F99 /* FMDB.h */ = {isa = PBXFileReference; fileEncoding = 4; lastKnownFileType = sourcecode.c.h; path = FMDB.h; sourceTree = "<group>"; };
		21E4EECF2948B2B100EB2F99 /* FMDatabase.h */ = {isa = PBXFileReference; fileEncoding = 4; lastKnownFileType = sourcecode.c.h; path = FMDatabase.h; sourceTree = "<group>"; };
		21E4EED02948B2B200EB2F99 /* FMResultSet.h */ = {isa = PBXFileReference; fileEncoding = 4; lastKnownFileType = sourcecode.c.h; path = FMResultSet.h; sourceTree = "<group>"; };
		21E4EED12948B2B200EB2F99 /* FMDatabasePool.m */ = {isa = PBXFileReference; fileEncoding = 4; lastKnownFileType = sourcecode.c.objc; path = FMDatabasePool.m; sourceTree = "<group>"; };
		21E4EED22948B2B200EB2F99 /* FMDatabasePool.h */ = {isa = PBXFileReference; fileEncoding = 4; lastKnownFileType = sourcecode.c.h; path = FMDatabasePool.h; sourceTree = "<group>"; };
		21E4EED32948B2B200EB2F99 /* FMDatabaseQueue.h */ = {isa = PBXFileReference; fileEncoding = 4; lastKnownFileType = sourcecode.c.h; path = FMDatabaseQueue.h; sourceTree = "<group>"; };
		21E4EED42948B2B300EB2F99 /* FMDatabaseAdditions.h */ = {isa = PBXFileReference; fileEncoding = 4; lastKnownFileType = sourcecode.c.h; path = FMDatabaseAdditions.h; sourceTree = "<group>"; };
		21E4EEDA2948B2E300EB2F99 /* filmler.sqlite */ = {isa = PBXFileReference; lastKnownFileType = file; path = filmler.sqlite; sourceTree = "<group>"; };
/* End PBXFileReference section */

/* Begin PBXFrameworksBuildPhase section */
		21986AFC2948A11D00E6EE29 /* Frameworks */ = {
			isa = PBXFrameworksBuildPhase;
			buildActionMask = 2147483647;
			files = (
				21E4EEC82948B2A300EB2F99 /* libsqlite3.tbd in Frameworks */,
			);
			runOnlyForDeploymentPostprocessing = 0;
		};
		21986B122948A11F00E6EE29 /* Frameworks */ = {
			isa = PBXFrameworksBuildPhase;
			buildActionMask = 2147483647;
			files = (
			);
			runOnlyForDeploymentPostprocessing = 0;
		};
		21986B1C2948A11F00E6EE29 /* Frameworks */ = {
			isa = PBXFrameworksBuildPhase;
			buildActionMask = 2147483647;
			files = (
			);
			runOnlyForDeploymentPostprocessing = 0;
		};
/* End PBXFrameworksBuildPhase section */

/* Begin PBXGroup section */
		21986AF62948A11D00E6EE29 = {
			isa = PBXGroup;
			children = (
				21986B012948A11D00E6EE29 /* FilmlerApp */,
				21986B182948A11F00E6EE29 /* FilmlerAppTests */,
				21986B222948A11F00E6EE29 /* FilmlerAppUITests */,
				21986B002948A11D00E6EE29 /* Products */,
				21E4EEC62948B29900EB2F99 /* Frameworks */,
			);
			sourceTree = "<group>";
		};
		21986B002948A11D00E6EE29 /* Products */ = {
			isa = PBXGroup;
			children = (
				21986AFF2948A11D00E6EE29 /* FilmlerApp.app */,
				21986B152948A11F00E6EE29 /* FilmlerAppTests.xctest */,
				21986B1F2948A11F00E6EE29 /* FilmlerAppUITests.xctest */,
			);
			name = Products;
			sourceTree = "<group>";
		};
		21986B012948A11D00E6EE29 /* FilmlerApp */ = {
			isa = PBXGroup;
			children = (
				21986B022948A11D00E6EE29 /* AppDelegate.swift */,
				21986B042948A11D00E6EE29 /* SceneDelegate.swift */,
				21986B062948A11D00E6EE29 /* ViewController.swift */,
				21986B082948A11D00E6EE29 /* Main.storyboard */,
				21986B0B2948A11F00E6EE29 /* Assets.xcassets */,
				21986B0D2948A11F00E6EE29 /* LaunchScreen.storyboard */,
				21986B102948A11F00E6EE29 /* Info.plist */,
				21986B342948A20600E6EE29 /* KategoriHucreTableViewCell.swift */,
				21986B362948A43D00E6EE29 /* FilmHucreCollectionViewCell.swift */,
				21986B382948A5F100E6EE29 /* FilmViewController.swift */,
				21986B3A2948A60500E6EE29 /* FilmDetayViewController.swift */,
				21986B3C2948A6FB00E6EE29 /* Kategoriler.swift */,
				21986B3E2948A75900E6EE29 /* Yonetmenler.swift */,
				21986B402948A79000E6EE29 /* Filmler.swift */,
				21724C312948C5430065E281 /* Filmlerdao.swift */,
				21724C332948C6250065E281 /* Kategorilerdao.swift */,
				21E4EEDA2948B2E300EB2F99 /* filmler.sqlite */,
				21E4EECF2948B2B100EB2F99 /* FMDatabase.h */,
				21E4EECC2948B2B000EB2F99 /* FMDatabase.m */,
				21E4EED42948B2B300EB2F99 /* FMDatabaseAdditions.h */,
				21E4EECB2948B2B000EB2F99 /* FMDatabaseAdditions.m */,
				21E4EED22948B2B200EB2F99 /* FMDatabasePool.h */,
				21E4EED12948B2B200EB2F99 /* FMDatabasePool.m */,
				21E4EED32948B2B200EB2F99 /* FMDatabaseQueue.h */,
				21E4EECD2948B2B100EB2F99 /* FMDatabaseQueue.m */,
				21E4EECE2948B2B100EB2F99 /* FMDB.h */,
				21E4EED02948B2B200EB2F99 /* FMResultSet.h */,
				21E4EECA2948B2B000EB2F99 /* FMResultSet.m */,
				21E4EEC92948B2AF00EB2F99 /* FilmlerApp-Bridging-Header.h */,
			);
			path = FilmlerApp;
			sourceTree = "<group>";
		};
		21986B182948A11F00E6EE29 /* FilmlerAppTests */ = {
			isa = PBXGroup;
			children = (
				21986B192948A11F00E6EE29 /* FilmlerAppTests.swift */,
			);
			path = FilmlerAppTests;
			sourceTree = "<group>";
		};
		21986B222948A11F00E6EE29 /* FilmlerAppUITests */ = {
			isa = PBXGroup;
			children = (
				21986B232948A11F00E6EE29 /* FilmlerAppUITests.swift */,
				21986B252948A11F00E6EE29 /* FilmlerAppUITestsLaunchTests.swift */,
			);
			path = FilmlerAppUITests;
			sourceTree = "<group>";
		};
		21E4EEC62948B29900EB2F99 /* Frameworks */ = {
			isa = PBXGroup;
			children = (
				21E4EEC72948B29900EB2F99 /* libsqlite3.tbd */,
			);
			name = Frameworks;
			sourceTree = "<group>";
		};
/* End PBXGroup section */

/* Begin PBXNativeTarget section */
		21986AFE2948A11D00E6EE29 /* FilmlerApp */ = {
			isa = PBXNativeTarget;
			buildConfigurationList = 21986B292948A11F00E6EE29 /* Build configuration list for PBXNativeTarget "FilmlerApp" */;
			buildPhases = (
				21986AFB2948A11D00E6EE29 /* Sources */,
				21986AFC2948A11D00E6EE29 /* Frameworks */,
				21986AFD2948A11D00E6EE29 /* Resources */,
			);
			buildRules = (
			);
			dependencies = (
			);
			name = FilmlerApp;
			productName = FilmlerApp;
			productReference = 21986AFF2948A11D00E6EE29 /* FilmlerApp.app */;
			productType = "com.apple.product-type.application";
		};
		21986B142948A11F00E6EE29 /* FilmlerAppTests */ = {
			isa = PBXNativeTarget;
			buildConfigurationList = 21986B2C2948A11F00E6EE29 /* Build configuration list for PBXNativeTarget "FilmlerAppTests" */;
			buildPhases = (
				21986B112948A11F00E6EE29 /* Sources */,
				21986B122948A11F00E6EE29 /* Frameworks */,
				21986B132948A11F00E6EE29 /* Resources */,
			);
			buildRules = (
			);
			dependencies = (
				21986B172948A11F00E6EE29 /* PBXTargetDependency */,
			);
			name = FilmlerAppTests;
			productName = FilmlerAppTests;
			productReference = 21986B152948A11F00E6EE29 /* FilmlerAppTests.xctest */;
			productType = "com.apple.product-type.bundle.unit-test";
		};
		21986B1E2948A11F00E6EE29 /* FilmlerAppUITests */ = {
			isa = PBXNativeTarget;
			buildConfigurationList = 21986B2F2948A11F00E6EE29 /* Build configuration list for PBXNativeTarget "FilmlerAppUITests" */;
			buildPhases = (
				21986B1B2948A11F00E6EE29 /* Sources */,
				21986B1C2948A11F00E6EE29 /* Frameworks */,
				21986B1D2948A11F00E6EE29 /* Resources */,
			);
			buildRules = (
			);
			dependencies = (
				21986B212948A11F00E6EE29 /* PBXTargetDependency */,
			);
			name = FilmlerAppUITests;
			productName = FilmlerAppUITests;
			productReference = 21986B1F2948A11F00E6EE29 /* FilmlerAppUITests.xctest */;
			productType = "com.apple.product-type.bundle.ui-testing";
		};
/* End PBXNativeTarget section */

/* Begin PBXProject section */
		21986AF72948A11D00E6EE29 /* Project object */ = {
			isa = PBXProject;
			attributes = {
				BuildIndependentTargetsInParallel = 1;
				LastSwiftUpdateCheck = 1410;
				LastUpgradeCheck = 1410;
				TargetAttributes = {
					21986AFE2948A11D00E6EE29 = {
						CreatedOnToolsVersion = 14.1;
						LastSwiftMigration = 1410;
					};
					21986B142948A11F00E6EE29 = {
						CreatedOnToolsVersion = 14.1;
						TestTargetID = 21986AFE2948A11D00E6EE29;
					};
					21986B1E2948A11F00E6EE29 = {
						CreatedOnToolsVersion = 14.1;
						TestTargetID = 21986AFE2948A11D00E6EE29;
					};
				};
			};
			buildConfigurationList = 21986AFA2948A11D00E6EE29 /* Build configuration list for PBXProject "FilmlerApp" */;
			compatibilityVersion = "Xcode 14.0";
			developmentRegion = en;
			hasScannedForEncodings = 0;
			knownRegions = (
				en,
				Base,
			);
			mainGroup = 21986AF62948A11D00E6EE29;
			productRefGroup = 21986B002948A11D00E6EE29 /* Products */;
			projectDirPath = "";
			projectRoot = "";
			targets = (
				21986AFE2948A11D00E6EE29 /* FilmlerApp */,
				21986B142948A11F00E6EE29 /* FilmlerAppTests */,
				21986B1E2948A11F00E6EE29 /* FilmlerAppUITests */,
			);
		};
/* End PBXProject section */

/* Begin PBXResourcesBuildPhase section */
		21986AFD2948A11D00E6EE29 /* Resources */ = {
			isa = PBXResourcesBuildPhase;
			buildActionMask = 2147483647;
			files = (
				21986B0F2948A11F00E6EE29 /* LaunchScreen.storyboard in Resources */,
				21E4EEDB2948B2E300EB2F99 /* filmler.sqlite in Resources */,
				21986B0C2948A11F00E6EE29 /* Assets.xcassets in Resources */,
				21986B0A2948A11D00E6EE29 /* Main.storyboard in Resources */,
			);
			runOnlyForDeploymentPostprocessing = 0;
		};
		21986B132948A11F00E6EE29 /* Resources */ = {
			isa = PBXResourcesBuildPhase;
			buildActionMask = 2147483647;
			files = (
			);
			runOnlyForDeploymentPostprocessing = 0;
		};
		21986B1D2948A11F00E6EE29 /* Resources */ = {
			isa = PBXResourcesBuildPhase;
			buildActionMask = 2147483647;
			files = (
			);
			runOnlyForDeploymentPostprocessing = 0;
		};
/* End PBXResourcesBuildPhase section */

/* Begin PBXSourcesBuildPhase section */
		21986AFB2948A11D00E6EE29 /* Sources */ = {
			isa = PBXSourcesBuildPhase;
			buildActionMask = 2147483647;
			files = (
				21986B3F2948A75900E6EE29 /* Yonetmenler.swift in Sources */,
				21986B072948A11D00E6EE29 /* ViewController.swift in Sources */,
				21E4EED72948B2B300EB2F99 /* FMDatabase.m in Sources */,
				21E4EED82948B2B300EB2F99 /* FMDatabaseQueue.m in Sources */,
				21986B372948A43D00E6EE29 /* FilmHucreCollectionViewCell.swift in Sources */,
				21986B412948A79000E6EE29 /* Filmler.swift in Sources */,
				21986B032948A11D00E6EE29 /* AppDelegate.swift in Sources */,
				21E4EED92948B2B300EB2F99 /* FMDatabasePool.m in Sources */,
				21986B3B2948A60500E6EE29 /* FilmDetayViewController.swift in Sources */,
				21986B352948A20600E6EE29 /* KategoriHucreTableViewCell.swift in Sources */,
				21724C322948C5430065E281 /* Filmlerdao.swift in Sources */,
				21986B3D2948A6FB00E6EE29 /* Kategoriler.swift in Sources */,
				21E4EED52948B2B300EB2F99 /* FMResultSet.m in Sources */,
				21986B392948A5F100E6EE29 /* FilmViewController.swift in Sources */,
				21986B052948A11D00E6EE29 /* SceneDelegate.swift in Sources */,
				21724C342948C6250065E281 /* Kategorilerdao.swift in Sources */,
				21E4EED62948B2B300EB2F99 /* FMDatabaseAdditions.m in Sources */,
			);
			runOnlyForDeploymentPostprocessing = 0;
		};
		21986B112948A11F00E6EE29 /* Sources */ = {
			isa = PBXSourcesBuildPhase;
			buildActionMask = 2147483647;
			files = (
				21986B1A2948A11F00E6EE29 /* FilmlerAppTests.swift in Sources */,
			);
			runOnlyForDeploymentPostprocessing = 0;
		};
		21986B1B2948A11F00E6EE29 /* Sources */ = {
			isa = PBXSourcesBuildPhase;
			buildActionMask = 2147483647;
			files = (
				21986B262948A11F00E6EE29 /* FilmlerAppUITestsLaunchTests.swift in Sources */,
				21986B242948A11F00E6EE29 /* FilmlerAppUITests.swift in Sources */,
			);
			runOnlyForDeploymentPostprocessing = 0;
		};
/* End PBXSourcesBuildPhase section */

/* Begin PBXTargetDependency section */
		21986B172948A11F00E6EE29 /* PBXTargetDependency */ = {
			isa = PBXTargetDependency;
			target = 21986AFE2948A11D00E6EE29 /* FilmlerApp */;
			targetProxy = 21986B162948A11F00E6EE29 /* PBXContainerItemProxy */;
		};
		21986B212948A11F00E6EE29 /* PBXTargetDependency */ = {
			isa = PBXTargetDependency;
			target = 21986AFE2948A11D00E6EE29 /* FilmlerApp */;
			targetProxy = 21986B202948A11F00E6EE29 /* PBXContainerItemProxy */;
		};
/* End PBXTargetDependency section */

/* Begin PBXVariantGroup section */
		21986B082948A11D00E6EE29 /* Main.storyboard */ = {
			isa = PBXVariantGroup;
			children = (
				21986B092948A11D00E6EE29 /* Base */,
			);
			name = Main.storyboard;
			sourceTree = "<group>";
		};
		21986B0D2948A11F00E6EE29 /* LaunchScreen.storyboard */ = {
			isa = PBXVariantGroup;
			children = (
				21986B0E2948A11F00E6EE29 /* Base */,
			);
			name = LaunchScreen.storyboard;
			sourceTree = "<group>";
		};
/* End PBXVariantGroup section */

/* Begin XCBuildConfiguration section */
		21986B272948A11F00E6EE29 /* Debug */ = {
			isa = XCBuildConfiguration;
			buildSettings = {
				ALWAYS_SEARCH_USER_PATHS = NO;
				CLANG_ANALYZER_NONNULL = YES;
				CLANG_ANALYZER_NUMBER_OBJECT_CONVERSION = YES_AGGRESSIVE;
				CLANG_CXX_LANGUAGE_STANDARD = "gnu++20";
				CLANG_ENABLE_MODULES = YES;
				CLANG_ENABLE_OBJC_ARC = YES;
				CLANG_ENABLE_OBJC_WEAK = YES;
				CLANG_WARN_BLOCK_CAPTURE_AUTORELEASING = YES;
				CLANG_WARN_BOOL_CONVERSION = YES;
				CLANG_WARN_COMMA = YES;
				CLANG_WARN_CONSTANT_CONVERSION = YES;
				CLANG_WARN_DEPRECATED_OBJC_IMPLEMENTATIONS = YES;
				CLANG_WARN_DIRECT_OBJC_ISA_USAGE = YES_ERROR;
				CLANG_WARN_DOCUMENTATION_COMMENTS = YES;
				CLANG_WARN_EMPTY_BODY = YES;
				CLANG_WARN_ENUM_CONVERSION = YES;
				CLANG_WARN_INFINITE_RECURSION = YES;
				CLANG_WARN_INT_CONVERSION = YES;
				CLANG_WARN_NON_LITERAL_NULL_CONVERSION = YES;
				CLANG_WARN_OBJC_IMPLICIT_RETAIN_SELF = YES;
				CLANG_WARN_OBJC_LITERAL_CONVERSION = YES;
				CLANG_WARN_OBJC_ROOT_CLASS = YES_ERROR;
				CLANG_WARN_QUOTED_INCLUDE_IN_FRAMEWORK_HEADER = YES;
				CLANG_WARN_RANGE_LOOP_ANALYSIS = YES;
				CLANG_WARN_STRICT_PROTOTYPES = YES;
				CLANG_WARN_SUSPICIOUS_MOVE = YES;
				CLANG_WARN_UNGUARDED_AVAILABILITY = YES_AGGRESSIVE;
				CLANG_WARN_UNREACHABLE_CODE = YES;
				CLANG_WARN__DUPLICATE_METHOD_MATCH = YES;
				COPY_PHASE_STRIP = NO;
				DEBUG_INFORMATION_FORMAT = dwarf;
				ENABLE_STRICT_OBJC_MSGSEND = YES;
				ENABLE_TESTABILITY = YES;
				GCC_C_LANGUAGE_STANDARD = gnu11;
				GCC_DYNAMIC_NO_PIC = NO;
				GCC_NO_COMMON_BLOCKS = YES;
				GCC_OPTIMIZATION_LEVEL = 0;
				GCC_PREPROCESSOR_DEFINITIONS = (
					"DEBUG=1",
					"$(inherited)",
				);
				GCC_WARN_64_TO_32_BIT_CONVERSION = YES;
				GCC_WARN_ABOUT_RETURN_TYPE = YES_ERROR;
				GCC_WARN_UNDECLARED_SELECTOR = YES;
				GCC_WARN_UNINITIALIZED_AUTOS = YES_AGGRESSIVE;
				GCC_WARN_UNUSED_FUNCTION = YES;
				GCC_WARN_UNUSED_VARIABLE = YES;
				IPHONEOS_DEPLOYMENT_TARGET = 16.1;
				MTL_ENABLE_DEBUG_INFO = INCLUDE_SOURCE;
				MTL_FAST_MATH = YES;
				ONLY_ACTIVE_ARCH = YES;
				SDKROOT = iphoneos;
				SWIFT_ACTIVE_COMPILATION_CONDITIONS = DEBUG;
				SWIFT_OPTIMIZATION_LEVEL = "-Onone";
			};
			name = Debug;
		};
		21986B282948A11F00E6EE29 /* Release */ = {
			isa = XCBuildConfiguration;
			buildSettings = {
				ALWAYS_SEARCH_USER_PATHS = NO;
				CLANG_ANALYZER_NONNULL = YES;
				CLANG_ANALYZER_NUMBER_OBJECT_CONVERSION = YES_AGGRESSIVE;
				CLANG_CXX_LANGUAGE_STANDARD = "gnu++20";
				CLANG_ENABLE_MODULES = YES;
				CLANG_ENABLE_OBJC_ARC = YES;
				CLANG_ENABLE_OBJC_WEAK = YES;
				CLANG_WARN_BLOCK_CAPTURE_AUTORELEASING = YES;
				CLANG_WARN_BOOL_CONVERSION = YES;
				CLANG_WARN_COMMA = YES;
				CLANG_WARN_CONSTANT_CONVERSION = YES;
				CLANG_WARN_DEPRECATED_OBJC_IMPLEMENTATIONS = YES;
				CLANG_WARN_DIRECT_OBJC_ISA_USAGE = YES_ERROR;
				CLANG_WARN_DOCUMENTATION_COMMENTS = YES;
				CLANG_WARN_EMPTY_BODY = YES;
				CLANG_WARN_ENUM_CONVERSION = YES;
				CLANG_WARN_INFINITE_RECURSION = YES;
				CLANG_WARN_INT_CONVERSION = YES;
				CLANG_WARN_NON_LITERAL_NULL_CONVERSION = YES;
				CLANG_WARN_OBJC_IMPLICIT_RETAIN_SELF = YES;
				CLANG_WARN_OBJC_LITERAL_CONVERSION = YES;
				CLANG_WARN_OBJC_ROOT_CLASS = YES_ERROR;
				CLANG_WARN_QUOTED_INCLUDE_IN_FRAMEWORK_HEADER = YES;
				CLANG_WARN_RANGE_LOOP_ANALYSIS = YES;
				CLANG_WARN_STRICT_PROTOTYPES = YES;
				CLANG_WARN_SUSPICIOUS_MOVE = YES;
				CLANG_WARN_UNGUARDED_AVAILABILITY = YES_AGGRESSIVE;
				CLANG_WARN_UNREACHABLE_CODE = YES;
				CLANG_WARN__DUPLICATE_METHOD_MATCH = YES;
				COPY_PHASE_STRIP = NO;
				DEBUG_INFORMATION_FORMAT = "dwarf-with-dsym";
				ENABLE_NS_ASSERTIONS = NO;
				ENABLE_STRICT_OBJC_MSGSEND = YES;
				GCC_C_LANGUAGE_STANDARD = gnu11;
				GCC_NO_COMMON_BLOCKS = YES;
				GCC_WARN_64_TO_32_BIT_CONVERSION = YES;
				GCC_WARN_ABOUT_RETURN_TYPE = YES_ERROR;
				GCC_WARN_UNDECLARED_SELECTOR = YES;
				GCC_WARN_UNINITIALIZED_AUTOS = YES_AGGRESSIVE;
				GCC_WARN_UNUSED_FUNCTION = YES;
				GCC_WARN_UNUSED_VARIABLE = YES;
				IPHONEOS_DEPLOYMENT_TARGET = 16.1;
				MTL_ENABLE_DEBUG_INFO = NO;
				MTL_FAST_MATH = YES;
				SDKROOT = iphoneos;
				SWIFT_COMPILATION_MODE = wholemodule;
				SWIFT_OPTIMIZATION_LEVEL = "-O";
				VALIDATE_PRODUCT = YES;
			};
			name = Release;
		};
		21986B2A2948A11F00E6EE29 /* Debug */ = {
			isa = XCBuildConfiguration;
			buildSettings = {
				ASSETCATALOG_COMPILER_APPICON_NAME = AppIcon;
				ASSETCATALOG_COMPILER_GLOBAL_ACCENT_COLOR_NAME = AccentColor;
				CLANG_ENABLE_MODULES = YES;
				CODE_SIGN_STYLE = Automatic;
				CURRENT_PROJECT_VERSION = 1;
				GENERATE_INFOPLIST_FILE = YES;
				INFOPLIST_FILE = FilmlerApp/Info.plist;
				INFOPLIST_KEY_UIApplicationSupportsIndirectInputEvents = YES;
				INFOPLIST_KEY_UILaunchStoryboardName = LaunchScreen;
				INFOPLIST_KEY_UIMainStoryboardFile = Main;
				INFOPLIST_KEY_UISupportedInterfaceOrientations_iPad = "UIInterfaceOrientationPortrait UIInterfaceOrientationPortraitUpsideDown UIInterfaceOrientationLandscapeLeft UIInterfaceOrientationLandscapeRight";
				INFOPLIST_KEY_UISupportedInterfaceOrientations_iPhone = "UIInterfaceOrientationPortrait UIInterfaceOrientationLandscapeLeft UIInterfaceOrientationLandscapeRight";
				LD_RUNPATH_SEARCH_PATHS = (
					"$(inherited)",
					"@executable_path/Frameworks",
				);
				MARKETING_VERSION = 1.0;
				PRODUCT_BUNDLE_IDENTIFIER = com.oguz.FilmlerApp;
				PRODUCT_NAME = "$(TARGET_NAME)";
				SWIFT_EMIT_LOC_STRINGS = YES;
				SWIFT_OBJC_BRIDGING_HEADER = "FilmlerApp/FilmlerApp-Bridging-Header.h";
				SWIFT_OPTIMIZATION_LEVEL = "-Onone";
				SWIFT_VERSION = 5.0;
				TARGETED_DEVICE_FAMILY = "1,2";
			};
			name = Debug;
		};
		21986B2B2948A11F00E6EE29 /* Release */ = {
			isa = XCBuildConfiguration;
			buildSettings = {
				ASSETCATALOG_COMPILER_APPICON_NAME = AppIcon;
				ASSETCATALOG_COMPILER_GLOBAL_ACCENT_COLOR_NAME = AccentColor;
				CLANG_ENABLE_MODULES = YES;
				CODE_SIGN_STYLE = Automatic;
				CURRENT_PROJECT_VERSION = 1;
				GENERATE_INFOPLIST_FILE = YES;
				INFOPLIST_FILE = FilmlerApp/Info.plist;
				INFOPLIST_KEY_UIApplicationSupportsIndirectInputEvents = YES;
				INFOPLIST_KEY_UILaunchStoryboardName = LaunchScreen;
				INFOPLIST_KEY_UIMainStoryboardFile = Main;
				INFOPLIST_KEY_UISupportedInterfaceOrientations_iPad = "UIInterfaceOrientationPortrait UIInterfaceOrientationPortraitUpsideDown UIInterfaceOrientationLandscapeLeft UIInterfaceOrientationLandscapeRight";
				INFOPLIST_KEY_UISupportedInterfaceOrientations_iPhone = "UIInterfaceOrientationPortrait UIInterfaceOrientationLandscapeLeft UIInterfaceOrientationLandscapeRight";
				LD_RUNPATH_SEARCH_PATHS = (
					"$(inherited)",
					"@executable_path/Frameworks",
				);
				MARKETING_VERSION = 1.0;
				PRODUCT_BUNDLE_IDENTIFIER = com.oguz.FilmlerApp;
				PRODUCT_NAME = "$(TARGET_NAME)";
				SWIFT_EMIT_LOC_STRINGS = YES;
				SWIFT_OBJC_BRIDGING_HEADER = "FilmlerApp/FilmlerApp-Bridging-Header.h";
				SWIFT_VERSION = 5.0;
				TARGETED_DEVICE_FAMILY = "1,2";
			};
			name = Release;
		};
		21986B2D2948A11F00E6EE29 /* Debug */ = {
			isa = XCBuildConfiguration;
			buildSettings = {
				ALWAYS_EMBED_SWIFT_STANDARD_LIBRARIES = YES;
				BUNDLE_LOADER = "$(TEST_HOST)";
				CODE_SIGN_STYLE = Automatic;
				CURRENT_PROJECT_VERSION = 1;
				GENERATE_INFOPLIST_FILE = YES;
				IPHONEOS_DEPLOYMENT_TARGET = 16.1;
				MARKETING_VERSION = 1.0;
				PRODUCT_BUNDLE_IDENTIFIER = com.oguz.FilmlerAppTests;
				PRODUCT_NAME = "$(TARGET_NAME)";
				SWIFT_EMIT_LOC_STRINGS = NO;
				SWIFT_VERSION = 5.0;
				TARGETED_DEVICE_FAMILY = "1,2";
				TEST_HOST = "$(BUILT_PRODUCTS_DIR)/FilmlerApp.app/$(BUNDLE_EXECUTABLE_FOLDER_PATH)/FilmlerApp";
			};
			name = Debug;
		};
		21986B2E2948A11F00E6EE29 /* Release */ = {
			isa = XCBuildConfiguration;
			buildSettings = {
				ALWAYS_EMBED_SWIFT_STANDARD_LIBRARIES = YES;
				BUNDLE_LOADER = "$(TEST_HOST)";
				CODE_SIGN_STYLE = Automatic;
				CURRENT_PROJECT_VERSION = 1;
				GENERATE_INFOPLIST_FILE = YES;
				IPHONEOS_DEPLOYMENT_TARGET = 16.1;
				MARKETING_VERSION = 1.0;
				PRODUCT_BUNDLE_IDENTIFIER = com.oguz.FilmlerAppTests;
				PRODUCT_NAME = "$(TARGET_NAME)";
				SWIFT_EMIT_LOC_STRINGS = NO;
				SWIFT_VERSION = 5.0;
				TARGETED_DEVICE_FAMILY = "1,2";
				TEST_HOST = "$(BUILT_PRODUCTS_DIR)/FilmlerApp.app/$(BUNDLE_EXECUTABLE_FOLDER_PATH)/FilmlerApp";
			};
			name = Release;
		};
		21986B302948A11F00E6EE29 /* Debug */ = {
			isa = XCBuildConfiguration;
			buildSettings = {
				ALWAYS_EMBED_SWIFT_STANDARD_LIBRARIES = YES;
				CODE_SIGN_STYLE = Automatic;
				CURRENT_PROJECT_VERSION = 1;
				GENERATE_INFOPLIST_FILE = YES;
				MARKETING_VERSION = 1.0;
				PRODUCT_BUNDLE_IDENTIFIER = com.oguz.FilmlerAppUITests;
				PRODUCT_NAME = "$(TARGET_NAME)";
				SWIFT_EMIT_LOC_STRINGS = NO;
				SWIFT_VERSION = 5.0;
				TARGETED_DEVICE_FAMILY = "1,2";
				TEST_TARGET_NAME = FilmlerApp;
			};
			name = Debug;
		};
		21986B312948A11F00E6EE29 /* Release */ = {
			isa = XCBuildConfiguration;
			buildSettings = {
				ALWAYS_EMBED_SWIFT_STANDARD_LIBRARIES = YES;
				CODE_SIGN_STYLE = Automatic;
				CURRENT_PROJECT_VERSION = 1;
				GENERATE_INFOPLIST_FILE = YES;
				MARKETING_VERSION = 1.0;
				PRODUCT_BUNDLE_IDENTIFIER = com.oguz.FilmlerAppUITests;
				PRODUCT_NAME = "$(TARGET_NAME)";
				SWIFT_EMIT_LOC_STRINGS = NO;
				SWIFT_VERSION = 5.0;
				TARGETED_DEVICE_FAMILY = "1,2";
				TEST_TARGET_NAME = FilmlerApp;
			};
			name = Release;
		};
/* End XCBuildConfiguration section */

/* Begin XCConfigurationList section */
		21986AFA2948A11D00E6EE29 /* Build configuration list for PBXProject "FilmlerApp" */ = {
			isa = XCConfigurationList;
			buildConfigurations = (
				21986B272948A11F00E6EE29 /* Debug */,
				21986B282948A11F00E6EE29 /* Release */,
			);
			defaultConfigurationIsVisible = 0;
			defaultConfigurationName = Release;
		};
		21986B292948A11F00E6EE29 /* Build configuration list for PBXNativeTarget "FilmlerApp" */ = {
			isa = XCConfigurationList;
			buildConfigurations = (
				21986B2A2948A11F00E6EE29 /* Debug */,
				21986B2B2948A11F00E6EE29 /* Release */,
			);
			defaultConfigurationIsVisible = 0;
			defaultConfigurationName = Release;
		};
		21986B2C2948A11F00E6EE29 /* Build configuration list for PBXNativeTarget "FilmlerAppTests" */ = {
			isa = XCConfigurationList;
			buildConfigurations = (
				21986B2D2948A11F00E6EE29 /* Debug */,
				21986B2E2948A11F00E6EE29 /* Release */,
			);
			defaultConfigurationIsVisible = 0;
			defaultConfigurationName = Release;
		};
		21986B2F2948A11F00E6EE29 /* Build configuration list for PBXNativeTarget "FilmlerAppUITests" */ = {
			isa = XCConfigurationList;
			buildConfigurations = (
				21986B302948A11F00E6EE29 /* Debug */,
				21986B312948A11F00E6EE29 /* Release */,
			);
			defaultConfigurationIsVisible = 0;
			defaultConfigurationName = Release;
		};
/* End XCConfigurationList section */
	};
	rootObject = 21986AF72948A11D00E6EE29 /* Project object */;
}
