// !$*UTF8*$!
{
	archiveVersion = 1;
	classes = {
	};
	objectVersion = 56;
	objects = {

/* Begin PBXBuildFile section */
		21E81BDC2941E43C0034C451 /* AppDelegate.swift in Sources */ = {isa = PBXBuildFile; fileRef = 21E81BDB2941E43C0034C451 /* AppDelegate.swift */; };
		21E81BDE2941E43C0034C451 /* SceneDelegate.swift in Sources */ = {isa = PBXBuildFile; fileRef = 21E81BDD2941E43C0034C451 /* SceneDelegate.swift */; };
		21E81BE02941E43C0034C451 /* ViewController.swift in Sources */ = {isa = PBXBuildFile; fileRef = 21E81BDF2941E43C0034C451 /* ViewController.swift */; };
		21E81BE32941E43C0034C451 /* Main.storyboard in Resources */ = {isa = PBXBuildFile; fileRef = 21E81BE12941E43C0034C451 /* Main.storyboard */; };
		21E81BE52941E43D0034C451 /* Assets.xcassets in Resources */ = {isa = PBXBuildFile; fileRef = 21E81BE42941E43D0034C451 /* Assets.xcassets */; };
		21E81BE82941E43D0034C451 /* LaunchScreen.storyboard in Resources */ = {isa = PBXBuildFile; fileRef = 21E81BE62941E43D0034C451 /* LaunchScreen.storyboard */; };
		21E81BF32941E43E0034C451 /* SQLiteStartTests.swift in Sources */ = {isa = PBXBuildFile; fileRef = 21E81BF22941E43E0034C451 /* SQLiteStartTests.swift */; };
		21E81BFD2941E43E0034C451 /* SQLiteStartUITests.swift in Sources */ = {isa = PBXBuildFile; fileRef = 21E81BFC2941E43E0034C451 /* SQLiteStartUITests.swift */; };
		21E81BFF2941E43E0034C451 /* SQLiteStartUITestsLaunchTests.swift in Sources */ = {isa = PBXBuildFile; fileRef = 21E81BFE2941E43E0034C451 /* SQLiteStartUITestsLaunchTests.swift */; };
		21E81C0D2941E7090034C451 /* libsqlite3.tbd in Frameworks */ = {isa = PBXBuildFile; fileRef = 21E81C0C2941E7030034C451 /* libsqlite3.tbd */; };
		21E81C1A2941E75F0034C451 /* FMDatabaseAdditions.m in Sources */ = {isa = PBXBuildFile; fileRef = 21E81C0F2941E75B0034C451 /* FMDatabaseAdditions.m */; };
		21E81C1B2941E75F0034C451 /* FMResultSet.m in Sources */ = {isa = PBXBuildFile; fileRef = 21E81C102941E75C0034C451 /* FMResultSet.m */; };
		21E81C1C2941E75F0034C451 /* FMDatabase.m in Sources */ = {isa = PBXBuildFile; fileRef = 21E81C112941E75C0034C451 /* FMDatabase.m */; };
		21E81C1D2941E75F0034C451 /* FMDatabasePool.m in Sources */ = {isa = PBXBuildFile; fileRef = 21E81C132941E75D0034C451 /* FMDatabasePool.m */; };
		21E81C1E2941E75F0034C451 /* FMDatabaseQueue.m in Sources */ = {isa = PBXBuildFile; fileRef = 21E81C172941E75E0034C451 /* FMDatabaseQueue.m */; };
		21E81C22294200D80034C451 /* Kisiler.swift in Sources */ = {isa = PBXBuildFile; fileRef = 21E81C21294200D80034C451 /* Kisiler.swift */; };
		21E81C24294201120034C451 /* Kisilerdao.swift in Sources */ = {isa = PBXBuildFile; fileRef = 21E81C23294201120034C451 /* Kisilerdao.swift */; };
		21E81C28294202BD0034C451 /* kisilergiris.sqlite in Resources */ = {isa = PBXBuildFile; fileRef = 21E81C27294202BD0034C451 /* kisilergiris.sqlite */; };
/* End PBXBuildFile section */

/* Begin PBXContainerItemProxy section */
		21E81BEF2941E43E0034C451 /* PBXContainerItemProxy */ = {
			isa = PBXContainerItemProxy;
			containerPortal = 21E81BD02941E43B0034C451 /* Project object */;
			proxyType = 1;
			remoteGlobalIDString = 21E81BD72941E43C0034C451;
			remoteInfo = SQLiteStart;
		};
		21E81BF92941E43E0034C451 /* PBXContainerItemProxy */ = {
			isa = PBXContainerItemProxy;
			containerPortal = 21E81BD02941E43B0034C451 /* Project object */;
			proxyType = 1;
			remoteGlobalIDString = 21E81BD72941E43C0034C451;
			remoteInfo = SQLiteStart;
		};
/* End PBXContainerItemProxy section */

/* Begin PBXFileReference section */
		21E81BD82941E43C0034C451 /* SQLiteStart.app */ = {isa = PBXFileReference; explicitFileType = wrapper.application; includeInIndex = 0; path = SQLiteStart.app; sourceTree = BUILT_PRODUCTS_DIR; };
		21E81BDB2941E43C0034C451 /* AppDelegate.swift */ = {isa = PBXFileReference; lastKnownFileType = sourcecode.swift; path = AppDelegate.swift; sourceTree = "<group>"; };
		21E81BDD2941E43C0034C451 /* SceneDelegate.swift */ = {isa = PBXFileReference; lastKnownFileType = sourcecode.swift; path = SceneDelegate.swift; sourceTree = "<group>"; };
		21E81BDF2941E43C0034C451 /* ViewController.swift */ = {isa = PBXFileReference; lastKnownFileType = sourcecode.swift; path = ViewController.swift; sourceTree = "<group>"; };
		21E81BE22941E43C0034C451 /* Base */ = {isa = PBXFileReference; lastKnownFileType = file.storyboard; name = Base; path = Base.lproj/Main.storyboard; sourceTree = "<group>"; };
		21E81BE42941E43D0034C451 /* Assets.xcassets */ = {isa = PBXFileReference; lastKnownFileType = folder.assetcatalog; path = Assets.xcassets; sourceTree = "<group>"; };
		21E81BE72941E43D0034C451 /* Base */ = {isa = PBXFileReference; lastKnownFileType = file.storyboard; name = Base; path = Base.lproj/LaunchScreen.storyboard; sourceTree = "<group>"; };
		21E81BE92941E43D0034C451 /* Info.plist */ = {isa = PBXFileReference; lastKnownFileType = text.plist.xml; path = Info.plist; sourceTree = "<group>"; };
		21E81BEE2941E43E0034C451 /* SQLiteStartTests.xctest */ = {isa = PBXFileReference; explicitFileType = wrapper.cfbundle; includeInIndex = 0; path = SQLiteStartTests.xctest; sourceTree = BUILT_PRODUCTS_DIR; };
		21E81BF22941E43E0034C451 /* SQLiteStartTests.swift */ = {isa = PBXFileReference; lastKnownFileType = sourcecode.swift; path = SQLiteStartTests.swift; sourceTree = "<group>"; };
		21E81BF82941E43E0034C451 /* SQLiteStartUITests.xctest */ = {isa = PBXFileReference; explicitFileType = wrapper.cfbundle; includeInIndex = 0; path = SQLiteStartUITests.xctest; sourceTree = BUILT_PRODUCTS_DIR; };
		21E81BFC2941E43E0034C451 /* SQLiteStartUITests.swift */ = {isa = PBXFileReference; lastKnownFileType = sourcecode.swift; path = SQLiteStartUITests.swift; sourceTree = "<group>"; };
		21E81BFE2941E43E0034C451 /* SQLiteStartUITestsLaunchTests.swift */ = {isa = PBXFileReference; lastKnownFileType = sourcecode.swift; path = SQLiteStartUITestsLaunchTests.swift; sourceTree = "<group>"; };
		21E81C0C2941E7030034C451 /* libsqlite3.tbd */ = {isa = PBXFileReference; lastKnownFileType = "sourcecode.text-based-dylib-definition"; name = libsqlite3.tbd; path = usr/lib/libsqlite3.tbd; sourceTree = SDKROOT; };
		21E81C0E2941E75A0034C451 /* SQLiteStart-Bridging-Header.h */ = {isa = PBXFileReference; lastKnownFileType = sourcecode.c.h; path = "SQLiteStart-Bridging-Header.h"; sourceTree = "<group>"; };
		21E81C0F2941E75B0034C451 /* FMDatabaseAdditions.m */ = {isa = PBXFileReference; fileEncoding = 4; lastKnownFileType = sourcecode.c.objc; path = FMDatabaseAdditions.m; sourceTree = "<group>"; };
		21E81C102941E75C0034C451 /* FMResultSet.m */ = {isa = PBXFileReference; fileEncoding = 4; lastKnownFileType = sourcecode.c.objc; path = FMResultSet.m; sourceTree = "<group>"; };
		21E81C112941E75C0034C451 /* FMDatabase.m */ = {isa = PBXFileReference; fileEncoding = 4; lastKnownFileType = sourcecode.c.objc; path = FMDatabase.m; sourceTree = "<group>"; };
		21E81C122941E75C0034C451 /* FMDatabaseQueue.h */ = {isa = PBXFileReference; fileEncoding = 4; lastKnownFileType = sourcecode.c.h; path = FMDatabaseQueue.h; sourceTree = "<group>"; };
		21E81C132941E75D0034C451 /* FMDatabasePool.m */ = {isa = PBXFileReference; fileEncoding = 4; lastKnownFileType = sourcecode.c.objc; path = FMDatabasePool.m; sourceTree = "<group>"; };
		21E81C142941E75D0034C451 /* FMDatabaseAdditions.h */ = {isa = PBXFileReference; fileEncoding = 4; lastKnownFileType = sourcecode.c.h; path = FMDatabaseAdditions.h; sourceTree = "<group>"; };
		21E81C152941E75D0034C451 /* FMDatabasePool.h */ = {isa = PBXFileReference; fileEncoding = 4; lastKnownFileType = sourcecode.c.h; path = FMDatabasePool.h; sourceTree = "<group>"; };
		21E81C162941E75E0034C451 /* FMResultSet.h */ = {isa = PBXFileReference; fileEncoding = 4; lastKnownFileType = sourcecode.c.h; path = FMResultSet.h; sourceTree = "<group>"; };
		21E81C172941E75E0034C451 /* FMDatabaseQueue.m */ = {isa = PBXFileReference; fileEncoding = 4; lastKnownFileType = sourcecode.c.objc; path = FMDatabaseQueue.m; sourceTree = "<group>"; };
		21E81C182941E75E0034C451 /* FMDatabase.h */ = {isa = PBXFileReference; fileEncoding = 4; lastKnownFileType = sourcecode.c.h; path = FMDatabase.h; sourceTree = "<group>"; };
		21E81C192941E75F0034C451 /* FMDB.h */ = {isa = PBXFileReference; fileEncoding = 4; lastKnownFileType = sourcecode.c.h; path = FMDB.h; sourceTree = "<group>"; };
		21E81C21294200D80034C451 /* Kisiler.swift */ = {isa = PBXFileReference; lastKnownFileType = sourcecode.swift; path = Kisiler.swift; sourceTree = "<group>"; };
		21E81C23294201120034C451 /* Kisilerdao.swift */ = {isa = PBXFileReference; lastKnownFileType = sourcecode.swift; path = Kisilerdao.swift; sourceTree = "<group>"; };
		21E81C27294202BD0034C451 /* kisilergiris.sqlite */ = {isa = PBXFileReference; lastKnownFileType = file; name = kisilergiris.sqlite; path = "../../../../Downloads/SQLite Giris-2/SQLite Giris/kisilergiris.sqlite"; sourceTree = "<group>"; };
/* End PBXFileReference section */

/* Begin PBXFrameworksBuildPhase section */
		21E81BD52941E43C0034C451 /* Frameworks */ = {
			isa = PBXFrameworksBuildPhase;
			buildActionMask = 2147483647;
			files = (
				21E81C0D2941E7090034C451 /* libsqlite3.tbd in Frameworks */,
			);
			runOnlyForDeploymentPostprocessing = 0;
		};
		21E81BEB2941E43E0034C451 /* Frameworks */ = {
			isa = PBXFrameworksBuildPhase;
			buildActionMask = 2147483647;
			files = (
			);
			runOnlyForDeploymentPostprocessing = 0;
		};
		21E81BF52941E43E0034C451 /* Frameworks */ = {
			isa = PBXFrameworksBuildPhase;
			buildActionMask = 2147483647;
			files = (
			);
			runOnlyForDeploymentPostprocessing = 0;
		};
/* End PBXFrameworksBuildPhase section */

/* Begin PBXGroup section */
		21E81BCF2941E43B0034C451 = {
			isa = PBXGroup;
			children = (
				21E81BDA2941E43C0034C451 /* SQLiteStart */,
				21E81BF12941E43E0034C451 /* SQLiteStartTests */,
				21E81BFB2941E43E0034C451 /* SQLiteStartUITests */,
				21E81BD92941E43C0034C451 /* Products */,
				21E81C0B2941E7030034C451 /* Frameworks */,
			);
			sourceTree = "<group>";
		};
		21E81BD92941E43C0034C451 /* Products */ = {
			isa = PBXGroup;
			children = (
				21E81BD82941E43C0034C451 /* SQLiteStart.app */,
				21E81BEE2941E43E0034C451 /* SQLiteStartTests.xctest */,
				21E81BF82941E43E0034C451 /* SQLiteStartUITests.xctest */,
			);
			name = Products;
			sourceTree = "<group>";
		};
		21E81BDA2941E43C0034C451 /* SQLiteStart */ = {
			isa = PBXGroup;
			children = (
				21E81C27294202BD0034C451 /* kisilergiris.sqlite */,
				21E81C182941E75E0034C451 /* FMDatabase.h */,
				21E81C112941E75C0034C451 /* FMDatabase.m */,
				21E81C142941E75D0034C451 /* FMDatabaseAdditions.h */,
				21E81C0F2941E75B0034C451 /* FMDatabaseAdditions.m */,
				21E81C152941E75D0034C451 /* FMDatabasePool.h */,
				21E81C132941E75D0034C451 /* FMDatabasePool.m */,
				21E81C122941E75C0034C451 /* FMDatabaseQueue.h */,
				21E81C172941E75E0034C451 /* FMDatabaseQueue.m */,
				21E81C192941E75F0034C451 /* FMDB.h */,
				21E81C162941E75E0034C451 /* FMResultSet.h */,
				21E81C102941E75C0034C451 /* FMResultSet.m */,
				21E81BDB2941E43C0034C451 /* AppDelegate.swift */,
				21E81BDD2941E43C0034C451 /* SceneDelegate.swift */,
				21E81BDF2941E43C0034C451 /* ViewController.swift */,
				21E81C21294200D80034C451 /* Kisiler.swift */,
				21E81C23294201120034C451 /* Kisilerdao.swift */,
				21E81BE12941E43C0034C451 /* Main.storyboard */,
				21E81BE42941E43D0034C451 /* Assets.xcassets */,
				21E81BE62941E43D0034C451 /* LaunchScreen.storyboard */,
				21E81BE92941E43D0034C451 /* Info.plist */,
				21E81C0E2941E75A0034C451 /* SQLiteStart-Bridging-Header.h */,
			);
			path = SQLiteStart;
			sourceTree = "<group>";
		};
		21E81BF12941E43E0034C451 /* SQLiteStartTests */ = {
			isa = PBXGroup;
			children = (
				21E81BF22941E43E0034C451 /* SQLiteStartTests.swift */,
			);
			path = SQLiteStartTests;
			sourceTree = "<group>";
		};
		21E81BFB2941E43E0034C451 /* SQLiteStartUITests */ = {
			isa = PBXGroup;
			children = (
				21E81BFC2941E43E0034C451 /* SQLiteStartUITests.swift */,
				21E81BFE2941E43E0034C451 /* SQLiteStartUITestsLaunchTests.swift */,
			);
			path = SQLiteStartUITests;
			sourceTree = "<group>";
		};
		21E81C0B2941E7030034C451 /* Frameworks */ = {
			isa = PBXGroup;
			children = (
				21E81C0C2941E7030034C451 /* libsqlite3.tbd */,
			);
			name = Frameworks;
			sourceTree = "<group>";
		};
/* End PBXGroup section */

/* Begin PBXNativeTarget section */
		21E81BD72941E43C0034C451 /* SQLiteStart */ = {
			isa = PBXNativeTarget;
			buildConfigurationList = 21E81C022941E43E0034C451 /* Build configuration list for PBXNativeTarget "SQLiteStart" */;
			buildPhases = (
				21E81BD42941E43C0034C451 /* Sources */,
				21E81BD52941E43C0034C451 /* Frameworks */,
				21E81BD62941E43C0034C451 /* Resources */,
			);
			buildRules = (
			);
			dependencies = (
			);
			name = SQLiteStart;
			productName = SQLiteStart;
			productReference = 21E81BD82941E43C0034C451 /* SQLiteStart.app */;
			productType = "com.apple.product-type.application";
		};
		21E81BED2941E43E0034C451 /* SQLiteStartTests */ = {
			isa = PBXNativeTarget;
			buildConfigurationList = 21E81C052941E43E0034C451 /* Build configuration list for PBXNativeTarget "SQLiteStartTests" */;
			buildPhases = (
				21E81BEA2941E43E0034C451 /* Sources */,
				21E81BEB2941E43E0034C451 /* Frameworks */,
				21E81BEC2941E43E0034C451 /* Resources */,
			);
			buildRules = (
			);
			dependencies = (
				21E81BF02941E43E0034C451 /* PBXTargetDependency */,
			);
			name = SQLiteStartTests;
			productName = SQLiteStartTests;
			productReference = 21E81BEE2941E43E0034C451 /* SQLiteStartTests.xctest */;
			productType = "com.apple.product-type.bundle.unit-test";
		};
		21E81BF72941E43E0034C451 /* SQLiteStartUITests */ = {
			isa = PBXNativeTarget;
			buildConfigurationList = 21E81C082941E43E0034C451 /* Build configuration list for PBXNativeTarget "SQLiteStartUITests" */;
			buildPhases = (
				21E81BF42941E43E0034C451 /* Sources */,
				21E81BF52941E43E0034C451 /* Frameworks */,
				21E81BF62941E43E0034C451 /* Resources */,
			);
			buildRules = (
			);
			dependencies = (
				21E81BFA2941E43E0034C451 /* PBXTargetDependency */,
			);
			name = SQLiteStartUITests;
			productName = SQLiteStartUITests;
			productReference = 21E81BF82941E43E0034C451 /* SQLiteStartUITests.xctest */;
			productType = "com.apple.product-type.bundle.ui-testing";
		};
/* End PBXNativeTarget section */

/* Begin PBXProject section */
		21E81BD02941E43B0034C451 /* Project object */ = {
			isa = PBXProject;
			attributes = {
				BuildIndependentTargetsInParallel = 1;
				LastSwiftUpdateCheck = 1400;
				LastUpgradeCheck = 1400;
				TargetAttributes = {
					21E81BD72941E43C0034C451 = {
						CreatedOnToolsVersion = 14.0.1;
						LastSwiftMigration = 1400;
					};
					21E81BED2941E43E0034C451 = {
						CreatedOnToolsVersion = 14.0.1;
						TestTargetID = 21E81BD72941E43C0034C451;
					};
					21E81BF72941E43E0034C451 = {
						CreatedOnToolsVersion = 14.0.1;
						TestTargetID = 21E81BD72941E43C0034C451;
					};
				};
			};
			buildConfigurationList = 21E81BD32941E43B0034C451 /* Build configuration list for PBXProject "SQLiteStart" */;
			compatibilityVersion = "Xcode 14.0";
			developmentRegion = en;
			hasScannedForEncodings = 0;
			knownRegions = (
				en,
				Base,
			);
			mainGroup = 21E81BCF2941E43B0034C451;
			productRefGroup = 21E81BD92941E43C0034C451 /* Products */;
			projectDirPath = "";
			projectRoot = "";
			targets = (
				21E81BD72941E43C0034C451 /* SQLiteStart */,
				21E81BED2941E43E0034C451 /* SQLiteStartTests */,
				21E81BF72941E43E0034C451 /* SQLiteStartUITests */,
			);
		};
/* End PBXProject section */

/* Begin PBXResourcesBuildPhase section */
		21E81BD62941E43C0034C451 /* Resources */ = {
			isa = PBXResourcesBuildPhase;
			buildActionMask = 2147483647;
			files = (
				21E81C28294202BD0034C451 /* kisilergiris.sqlite in Resources */,
				21E81BE82941E43D0034C451 /* LaunchScreen.storyboard in Resources */,
				21E81BE52941E43D0034C451 /* Assets.xcassets in Resources */,
				21E81BE32941E43C0034C451 /* Main.storyboard in Resources */,
			);
			runOnlyForDeploymentPostprocessing = 0;
		};
		21E81BEC2941E43E0034C451 /* Resources */ = {
			isa = PBXResourcesBuildPhase;
			buildActionMask = 2147483647;
			files = (
			);
			runOnlyForDeploymentPostprocessing = 0;
		};
		21E81BF62941E43E0034C451 /* Resources */ = {
			isa = PBXResourcesBuildPhase;
			buildActionMask = 2147483647;
			files = (
			);
			runOnlyForDeploymentPostprocessing = 0;
		};
/* End PBXResourcesBuildPhase section */

/* Begin PBXSourcesBuildPhase section */
		21E81BD42941E43C0034C451 /* Sources */ = {
			isa = PBXSourcesBuildPhase;
			buildActionMask = 2147483647;
			files = (
				21E81BE02941E43C0034C451 /* ViewController.swift in Sources */,
				21E81C1E2941E75F0034C451 /* FMDatabaseQueue.m in Sources */,
				21E81BDC2941E43C0034C451 /* AppDelegate.swift in Sources */,
				21E81BDE2941E43C0034C451 /* SceneDelegate.swift in Sources */,
				21E81C1C2941E75F0034C451 /* FMDatabase.m in Sources */,
				21E81C1D2941E75F0034C451 /* FMDatabasePool.m in Sources */,
				21E81C1A2941E75F0034C451 /* FMDatabaseAdditions.m in Sources */,
				21E81C1B2941E75F0034C451 /* FMResultSet.m in Sources */,
				21E81C24294201120034C451 /* Kisilerdao.swift in Sources */,
				21E81C22294200D80034C451 /* Kisiler.swift in Sources */,
			);
			runOnlyForDeploymentPostprocessing = 0;
		};
		21E81BEA2941E43E0034C451 /* Sources */ = {
			isa = PBXSourcesBuildPhase;
			buildActionMask = 2147483647;
			files = (
				21E81BF32941E43E0034C451 /* SQLiteStartTests.swift in Sources */,
			);
			runOnlyForDeploymentPostprocessing = 0;
		};
		21E81BF42941E43E0034C451 /* Sources */ = {
			isa = PBXSourcesBuildPhase;
			buildActionMask = 2147483647;
			files = (
				21E81BFD2941E43E0034C451 /* SQLiteStartUITests.swift in Sources */,
				21E81BFF2941E43E0034C451 /* SQLiteStartUITestsLaunchTests.swift in Sources */,
			);
			runOnlyForDeploymentPostprocessing = 0;
		};
/* End PBXSourcesBuildPhase section */

/* Begin PBXTargetDependency section */
		21E81BF02941E43E0034C451 /* PBXTargetDependency */ = {
			isa = PBXTargetDependency;
			target = 21E81BD72941E43C0034C451 /* SQLiteStart */;
			targetProxy = 21E81BEF2941E43E0034C451 /* PBXContainerItemProxy */;
		};
		21E81BFA2941E43E0034C451 /* PBXTargetDependency */ = {
			isa = PBXTargetDependency;
			target = 21E81BD72941E43C0034C451 /* SQLiteStart */;
			targetProxy = 21E81BF92941E43E0034C451 /* PBXContainerItemProxy */;
		};
/* End PBXTargetDependency section */

/* Begin PBXVariantGroup section */
		21E81BE12941E43C0034C451 /* Main.storyboard */ = {
			isa = PBXVariantGroup;
			children = (
				21E81BE22941E43C0034C451 /* Base */,
			);
			name = Main.storyboard;
			sourceTree = "<group>";
		};
		21E81BE62941E43D0034C451 /* LaunchScreen.storyboard */ = {
			isa = PBXVariantGroup;
			children = (
				21E81BE72941E43D0034C451 /* Base */,
			);
			name = LaunchScreen.storyboard;
			sourceTree = "<group>";
		};
/* End PBXVariantGroup section */

/* Begin XCBuildConfiguration section */
		21E81C002941E43E0034C451 /* Debug */ = {
			isa = XCBuildConfiguration;
			buildSettings = {
				ALWAYS_SEARCH_USER_PATHS = NO;
				CLANG_ANALYZER_NONNULL = YES;
				CLANG_ANALYZER_NUMBER_OBJECT_CONVERSION = YES_AGGRESSIVE;
				CLANG_CXX_LANGUAGE_STANDARD = "gnu++20";
				CLANG_ENABLE_MODULES = YES;
				CLANG_ENABLE_OBJC_ARC = YES;
				CLANG_ENABLE_OBJC_WEAK = YES;
				CLANG_WARN_BLOCK_CAPTURE_AUTORELEASING = YES;
				CLANG_WARN_BOOL_CONVERSION = YES;
				CLANG_WARN_COMMA = YES;
				CLANG_WARN_CONSTANT_CONVERSION = YES;
				CLANG_WARN_DEPRECATED_OBJC_IMPLEMENTATIONS = YES;
				CLANG_WARN_DIRECT_OBJC_ISA_USAGE = YES_ERROR;
				CLANG_WARN_DOCUMENTATION_COMMENTS = YES;
				CLANG_WARN_EMPTY_BODY = YES;
				CLANG_WARN_ENUM_CONVERSION = YES;
				CLANG_WARN_INFINITE_RECURSION = YES;
				CLANG_WARN_INT_CONVERSION = YES;
				CLANG_WARN_NON_LITERAL_NULL_CONVERSION = YES;
				CLANG_WARN_OBJC_IMPLICIT_RETAIN_SELF = YES;
				CLANG_WARN_OBJC_LITERAL_CONVERSION = YES;
				CLANG_WARN_OBJC_ROOT_CLASS = YES_ERROR;
				CLANG_WARN_QUOTED_INCLUDE_IN_FRAMEWORK_HEADER = YES;
				CLANG_WARN_RANGE_LOOP_ANALYSIS = YES;
				CLANG_WARN_STRICT_PROTOTYPES = YES;
				CLANG_WARN_SUSPICIOUS_MOVE = YES;
				CLANG_WARN_UNGUARDED_AVAILABILITY = YES_AGGRESSIVE;
				CLANG_WARN_UNREACHABLE_CODE = YES;
				CLANG_WARN__DUPLICATE_METHOD_MATCH = YES;
				COPY_PHASE_STRIP = NO;
				DEBUG_INFORMATION_FORMAT = dwarf;
				ENABLE_STRICT_OBJC_MSGSEND = YES;
				ENABLE_TESTABILITY = YES;
				GCC_C_LANGUAGE_STANDARD = gnu11;
				GCC_DYNAMIC_NO_PIC = NO;
				GCC_NO_COMMON_BLOCKS = YES;
				GCC_OPTIMIZATION_LEVEL = 0;
				GCC_PREPROCESSOR_DEFINITIONS = (
					"DEBUG=1",
					"$(inherited)",
				);
				GCC_WARN_64_TO_32_BIT_CONVERSION = YES;
				GCC_WARN_ABOUT_RETURN_TYPE = YES_ERROR;
				GCC_WARN_UNDECLARED_SELECTOR = YES;
				GCC_WARN_UNINITIALIZED_AUTOS = YES_AGGRESSIVE;
				GCC_WARN_UNUSED_FUNCTION = YES;
				GCC_WARN_UNUSED_VARIABLE = YES;
				IPHONEOS_DEPLOYMENT_TARGET = 16.0;
				MTL_ENABLE_DEBUG_INFO = INCLUDE_SOURCE;
				MTL_FAST_MATH = YES;
				ONLY_ACTIVE_ARCH = YES;
				SDKROOT = iphoneos;
				SWIFT_ACTIVE_COMPILATION_CONDITIONS = DEBUG;
				SWIFT_OPTIMIZATION_LEVEL = "-Onone";
			};
			name = Debug;
		};
		21E81C012941E43E0034C451 /* Release */ = {
			isa = XCBuildConfiguration;
			buildSettings = {
				ALWAYS_SEARCH_USER_PATHS = NO;
				CLANG_ANALYZER_NONNULL = YES;
				CLANG_ANALYZER_NUMBER_OBJECT_CONVERSION = YES_AGGRESSIVE;
				CLANG_CXX_LANGUAGE_STANDARD = "gnu++20";
				CLANG_ENABLE_MODULES = YES;
				CLANG_ENABLE_OBJC_ARC = YES;
				CLANG_ENABLE_OBJC_WEAK = YES;
				CLANG_WARN_BLOCK_CAPTURE_AUTORELEASING = YES;
				CLANG_WARN_BOOL_CONVERSION = YES;
				CLANG_WARN_COMMA = YES;
				CLANG_WARN_CONSTANT_CONVERSION = YES;
				CLANG_WARN_DEPRECATED_OBJC_IMPLEMENTATIONS = YES;
				CLANG_WARN_DIRECT_OBJC_ISA_USAGE = YES_ERROR;
				CLANG_WARN_DOCUMENTATION_COMMENTS = YES;
				CLANG_WARN_EMPTY_BODY = YES;
				CLANG_WARN_ENUM_CONVERSION = YES;
				CLANG_WARN_INFINITE_RECURSION = YES;
				CLANG_WARN_INT_CONVERSION = YES;
				CLANG_WARN_NON_LITERAL_NULL_CONVERSION = YES;
				CLANG_WARN_OBJC_IMPLICIT_RETAIN_SELF = YES;
				CLANG_WARN_OBJC_LITERAL_CONVERSION = YES;
				CLANG_WARN_OBJC_ROOT_CLASS = YES_ERROR;
				CLANG_WARN_QUOTED_INCLUDE_IN_FRAMEWORK_HEADER = YES;
				CLANG_WARN_RANGE_LOOP_ANALYSIS = YES;
				CLANG_WARN_STRICT_PROTOTYPES = YES;
				CLANG_WARN_SUSPICIOUS_MOVE = YES;
				CLANG_WARN_UNGUARDED_AVAILABILITY = YES_AGGRESSIVE;
				CLANG_WARN_UNREACHABLE_CODE = YES;
				CLANG_WARN__DUPLICATE_METHOD_MATCH = YES;
				COPY_PHASE_STRIP = NO;
				DEBUG_INFORMATION_FORMAT = "dwarf-with-dsym";
				ENABLE_NS_ASSERTIONS = NO;
				ENABLE_STRICT_OBJC_MSGSEND = YES;
				GCC_C_LANGUAGE_STANDARD = gnu11;
				GCC_NO_COMMON_BLOCKS = YES;
				GCC_WARN_64_TO_32_BIT_CONVERSION = YES;
				GCC_WARN_ABOUT_RETURN_TYPE = YES_ERROR;
				GCC_WARN_UNDECLARED_SELECTOR = YES;
				GCC_WARN_UNINITIALIZED_AUTOS = YES_AGGRESSIVE;
				GCC_WARN_UNUSED_FUNCTION = YES;
				GCC_WARN_UNUSED_VARIABLE = YES;
				IPHONEOS_DEPLOYMENT_TARGET = 16.0;
				MTL_ENABLE_DEBUG_INFO = NO;
				MTL_FAST_MATH = YES;
				SDKROOT = iphoneos;
				SWIFT_COMPILATION_MODE = wholemodule;
				SWIFT_OPTIMIZATION_LEVEL = "-O";
				VALIDATE_PRODUCT = YES;
			};
			name = Release;
		};
		21E81C032941E43E0034C451 /* Debug */ = {
			isa = XCBuildConfiguration;
			buildSettings = {
				ASSETCATALOG_COMPILER_APPICON_NAME = AppIcon;
				ASSETCATALOG_COMPILER_GLOBAL_ACCENT_COLOR_NAME = AccentColor;
				CLANG_ENABLE_MODULES = YES;
				CODE_SIGN_STYLE = Automatic;
				CURRENT_PROJECT_VERSION = 1;
				GENERATE_INFOPLIST_FILE = YES;
				INFOPLIST_FILE = SQLiteStart/Info.plist;
				INFOPLIST_KEY_UIApplicationSupportsIndirectInputEvents = YES;
				INFOPLIST_KEY_UILaunchStoryboardName = LaunchScreen;
				INFOPLIST_KEY_UIMainStoryboardFile = Main;
				INFOPLIST_KEY_UISupportedInterfaceOrientations_iPad = "UIInterfaceOrientationPortrait UIInterfaceOrientationPortraitUpsideDown UIInterfaceOrientationLandscapeLeft UIInterfaceOrientationLandscapeRight";
				INFOPLIST_KEY_UISupportedInterfaceOrientations_iPhone = "UIInterfaceOrientationPortrait UIInterfaceOrientationLandscapeLeft UIInterfaceOrientationLandscapeRight";
				LD_RUNPATH_SEARCH_PATHS = (
					"$(inherited)",
					"@executable_path/Frameworks",
				);
				MARKETING_VERSION = 1.0;
				PRODUCT_BUNDLE_IDENTIFIER = com.oguz.SQLiteStart;
				PRODUCT_NAME = "$(TARGET_NAME)";
				SWIFT_EMIT_LOC_STRINGS = YES;
				SWIFT_OBJC_BRIDGING_HEADER = "SQLiteStart/SQLiteStart-Bridging-Header.h";
				SWIFT_OPTIMIZATION_LEVEL = "-Onone";
				SWIFT_VERSION = 5.0;
				TARGETED_DEVICE_FAMILY = "1,2";
			};
			name = Debug;
		};
		21E81C042941E43E0034C451 /* Release */ = {
			isa = XCBuildConfiguration;
			buildSettings = {
				ASSETCATALOG_COMPILER_APPICON_NAME = AppIcon;
				ASSETCATALOG_COMPILER_GLOBAL_ACCENT_COLOR_NAME = AccentColor;
				CLANG_ENABLE_MODULES = YES;
				CODE_SIGN_STYLE = Automatic;
				CURRENT_PROJECT_VERSION = 1;
				GENERATE_INFOPLIST_FILE = YES;
				INFOPLIST_FILE = SQLiteStart/Info.plist;
				INFOPLIST_KEY_UIApplicationSupportsIndirectInputEvents = YES;
				INFOPLIST_KEY_UILaunchStoryboardName = LaunchScreen;
				INFOPLIST_KEY_UIMainStoryboardFile = Main;
				INFOPLIST_KEY_UISupportedInterfaceOrientations_iPad = "UIInterfaceOrientationPortrait UIInterfaceOrientationPortraitUpsideDown UIInterfaceOrientationLandscapeLeft UIInterfaceOrientationLandscapeRight";
				INFOPLIST_KEY_UISupportedInterfaceOrientations_iPhone = "UIInterfaceOrientationPortrait UIInterfaceOrientationLandscapeLeft UIInterfaceOrientationLandscapeRight";
				LD_RUNPATH_SEARCH_PATHS = (
					"$(inherited)",
					"@executable_path/Frameworks",
				);
				MARKETING_VERSION = 1.0;
				PRODUCT_BUNDLE_IDENTIFIER = com.oguz.SQLiteStart;
				PRODUCT_NAME = "$(TARGET_NAME)";
				SWIFT_EMIT_LOC_STRINGS = YES;
				SWIFT_OBJC_BRIDGING_HEADER = "SQLiteStart/SQLiteStart-Bridging-Header.h";
				SWIFT_VERSION = 5.0;
				TARGETED_DEVICE_FAMILY = "1,2";
			};
			name = Release;
		};
		21E81C062941E43E0034C451 /* Debug */ = {
			isa = XCBuildConfiguration;
			buildSettings = {
				ALWAYS_EMBED_SWIFT_STANDARD_LIBRARIES = YES;
				BUNDLE_LOADER = "$(TEST_HOST)";
				CODE_SIGN_STYLE = Automatic;
				CURRENT_PROJECT_VERSION = 1;
				GENERATE_INFOPLIST_FILE = YES;
				IPHONEOS_DEPLOYMENT_TARGET = 16.0;
				MARKETING_VERSION = 1.0;
				PRODUCT_BUNDLE_IDENTIFIER = com.oguz.SQLiteStartTests;
				PRODUCT_NAME = "$(TARGET_NAME)";
				SWIFT_EMIT_LOC_STRINGS = NO;
				SWIFT_VERSION = 5.0;
				TARGETED_DEVICE_FAMILY = "1,2";
				TEST_HOST = "$(BUILT_PRODUCTS_DIR)/SQLiteStart.app/$(BUNDLE_EXECUTABLE_FOLDER_PATH)/SQLiteStart";
			};
			name = Debug;
		};
		21E81C072941E43E0034C451 /* Release */ = {
			isa = XCBuildConfiguration;
			buildSettings = {
				ALWAYS_EMBED_SWIFT_STANDARD_LIBRARIES = YES;
				BUNDLE_LOADER = "$(TEST_HOST)";
				CODE_SIGN_STYLE = Automatic;
				CURRENT_PROJECT_VERSION = 1;
				GENERATE_INFOPLIST_FILE = YES;
				IPHONEOS_DEPLOYMENT_TARGET = 16.0;
				MARKETING_VERSION = 1.0;
				PRODUCT_BUNDLE_IDENTIFIER = com.oguz.SQLiteStartTests;
				PRODUCT_NAME = "$(TARGET_NAME)";
				SWIFT_EMIT_LOC_STRINGS = NO;
				SWIFT_VERSION = 5.0;
				TARGETED_DEVICE_FAMILY = "1,2";
				TEST_HOST = "$(BUILT_PRODUCTS_DIR)/SQLiteStart.app/$(BUNDLE_EXECUTABLE_FOLDER_PATH)/SQLiteStart";
			};
			name = Release;
		};
		21E81C092941E43E0034C451 /* Debug */ = {
			isa = XCBuildConfiguration;
			buildSettings = {
				ALWAYS_EMBED_SWIFT_STANDARD_LIBRARIES = YES;
				CODE_SIGN_STYLE = Automatic;
				CURRENT_PROJECT_VERSION = 1;
				GENERATE_INFOPLIST_FILE = YES;
				MARKETING_VERSION = 1.0;
				PRODUCT_BUNDLE_IDENTIFIER = com.oguz.SQLiteStartUITests;
				PRODUCT_NAME = "$(TARGET_NAME)";
				SWIFT_EMIT_LOC_STRINGS = NO;
				SWIFT_VERSION = 5.0;
				TARGETED_DEVICE_FAMILY = "1,2";
				TEST_TARGET_NAME = SQLiteStart;
			};
			name = Debug;
		};
		21E81C0A2941E43E0034C451 /* Release */ = {
			isa = XCBuildConfiguration;
			buildSettings = {
				ALWAYS_EMBED_SWIFT_STANDARD_LIBRARIES = YES;
				CODE_SIGN_STYLE = Automatic;
				CURRENT_PROJECT_VERSION = 1;
				GENERATE_INFOPLIST_FILE = YES;
				MARKETING_VERSION = 1.0;
				PRODUCT_BUNDLE_IDENTIFIER = com.oguz.SQLiteStartUITests;
				PRODUCT_NAME = "$(TARGET_NAME)";
				SWIFT_EMIT_LOC_STRINGS = NO;
				SWIFT_VERSION = 5.0;
				TARGETED_DEVICE_FAMILY = "1,2";
				TEST_TARGET_NAME = SQLiteStart;
			};
			name = Release;
		};
/* End XCBuildConfiguration section */

/* Begin XCConfigurationList section */
		21E81BD32941E43B0034C451 /* Build configuration list for PBXProject "SQLiteStart" */ = {
			isa = XCConfigurationList;
			buildConfigurations = (
				21E81C002941E43E0034C451 /* Debug */,
				21E81C012941E43E0034C451 /* Release */,
			);
			defaultConfigurationIsVisible = 0;
			defaultConfigurationName = Release;
		};
		21E81C022941E43E0034C451 /* Build configuration list for PBXNativeTarget "SQLiteStart" */ = {
			isa = XCConfigurationList;
			buildConfigurations = (
				21E81C032941E43E0034C451 /* Debug */,
				21E81C042941E43E0034C451 /* Release */,
			);
			defaultConfigurationIsVisible = 0;
			defaultConfigurationName = Release;
		};
		21E81C052941E43E0034C451 /* Build configuration list for PBXNativeTarget "SQLiteStartTests" */ = {
			isa = XCConfigurationList;
			buildConfigurations = (
				21E81C062941E43E0034C451 /* Debug */,
				21E81C072941E43E0034C451 /* Release */,
			);
			defaultConfigurationIsVisible = 0;
			defaultConfigurationName = Release;
		};
		21E81C082941E43E0034C451 /* Build configuration list for PBXNativeTarget "SQLiteStartUITests" */ = {
			isa = XCConfigurationList;
			buildConfigurations = (
				21E81C092941E43E0034C451 /* Debug */,
				21E81C0A2941E43E0034C451 /* Release */,
			);
			defaultConfigurationIsVisible = 0;
			defaultConfigurationName = Release;
		};
/* End XCConfigurationList section */
	};
	rootObject = 21E81BD02941E43B0034C451 /* Project object */;
}
